// !$*UTF8*$!
{
	archiveVersion = 1;
	classes = {
	};
	objectVersion = 46;
	objects = {

/* Begin PBXBuildFile section */
		1409479D1F65D05000516BE3 /* CSV.framework in Frameworks */ = {isa = PBXBuildFile; fileRef = 140947921F65D03D00516BE3 /* CSV.framework */; };
		1409479E1F65D05000516BE3 /* CSV.framework in Embed Frameworks */ = {isa = PBXBuildFile; fileRef = 140947921F65D03D00516BE3 /* CSV.framework */; settings = {ATTRIBUTES = (CodeSignOnCopy, RemoveHeadersOnCopy, ); }; };
		140947A31F65D06D00516BE3 /* fabric.apikey in Resources */ = {isa = PBXBuildFile; fileRef = 140947A11F65D06D00516BE3 /* fabric.apikey */; };
		14550E751F37B62B00872B7B /* SnapshotHelper.swift in Sources */ = {isa = PBXBuildFile; fileRef = 14550E741F37B62B00872B7B /* SnapshotHelper.swift */; };
		148346901F36E98B00AFF585 /* Fabric.framework in Frameworks */ = {isa = PBXBuildFile; fileRef = 1483468E1F36E98B00AFF585 /* Fabric.framework */; };
		148346911F36E98B00AFF585 /* Crashlytics.framework in Frameworks */ = {isa = PBXBuildFile; fileRef = 1483468F1F36E98B00AFF585 /* Crashlytics.framework */; };
		1497782C1F367AFF001B6A2D /* MapViewController.swift in Sources */ = {isa = PBXBuildFile; fileRef = 1497782B1F367AFF001B6A2D /* MapViewController.swift */; };
		1497782E1F367AFF001B6A2D /* MapViewController.swift in Sources */ = {isa = PBXBuildFile; fileRef = 1497782B1F367AFF001B6A2D /* MapViewController.swift */; };
		149778301F367B0D001B6A2D /* MapViewController+Filter.swift in Sources */ = {isa = PBXBuildFile; fileRef = 1497782F1F367B0D001B6A2D /* MapViewController+Filter.swift */; };
		149778321F367B0D001B6A2D /* MapViewController+Filter.swift in Sources */ = {isa = PBXBuildFile; fileRef = 1497782F1F367B0D001B6A2D /* MapViewController+Filter.swift */; };
		149778341F367B14001B6A2D /* MapViewController+MapView.swift in Sources */ = {isa = PBXBuildFile; fileRef = 149778331F367B14001B6A2D /* MapViewController+MapView.swift */; };
		149778361F367B14001B6A2D /* MapViewController+MapView.swift in Sources */ = {isa = PBXBuildFile; fileRef = 149778331F367B14001B6A2D /* MapViewController+MapView.swift */; };
		149778381F367B2B001B6A2D /* FilterTableViewController.swift in Sources */ = {isa = PBXBuildFile; fileRef = 149778371F367B2B001B6A2D /* FilterTableViewController.swift */; };
		1497783A1F367B31001B6A2D /* MapFilter.swift in Sources */ = {isa = PBXBuildFile; fileRef = 149778391F367B31001B6A2D /* MapFilter.swift */; };
		1497783C1F367B36001B6A2D /* Route.swift in Sources */ = {isa = PBXBuildFile; fileRef = 1497783B1F367B36001B6A2D /* Route.swift */; };
		1497783E1F367B3A001B6A2D /* Shape.swift in Sources */ = {isa = PBXBuildFile; fileRef = 1497783D1F367B3A001B6A2D /* Shape.swift */; };
		149778401F367B3F001B6A2D /* System.swift in Sources */ = {isa = PBXBuildFile; fileRef = 1497783F1F367B3F001B6A2D /* System.swift */; };
		149778421F367B47001B6A2D /* MetraDownloadTask.swift in Sources */ = {isa = PBXBuildFile; fileRef = 149778411F367B47001B6A2D /* MetraDownloadTask.swift */; };
		149778491F367B4F001B6A2D /* FilterTableViewController.swift in Sources */ = {isa = PBXBuildFile; fileRef = 149778371F367B2B001B6A2D /* FilterTableViewController.swift */; };
		1497784A1F367B4F001B6A2D /* MapFilter.swift in Sources */ = {isa = PBXBuildFile; fileRef = 149778391F367B31001B6A2D /* MapFilter.swift */; };
		1497784B1F367B4F001B6A2D /* Route.swift in Sources */ = {isa = PBXBuildFile; fileRef = 1497783B1F367B36001B6A2D /* Route.swift */; };
		1497784C1F367B4F001B6A2D /* Shape.swift in Sources */ = {isa = PBXBuildFile; fileRef = 1497783D1F367B3A001B6A2D /* Shape.swift */; };
		1497784D1F367B4F001B6A2D /* System.swift in Sources */ = {isa = PBXBuildFile; fileRef = 1497783F1F367B3F001B6A2D /* System.swift */; };
		1497784E1F367B4F001B6A2D /* MetraDownloadTask.swift in Sources */ = {isa = PBXBuildFile; fileRef = 149778411F367B47001B6A2D /* MetraDownloadTask.swift */; };
		1497785F1F367BC0001B6A2D /* agency.txt in Resources */ = {isa = PBXBuildFile; fileRef = 149778551F367BC0001B6A2D /* agency.txt */; };
		149778611F367BC0001B6A2D /* agency.txt in Resources */ = {isa = PBXBuildFile; fileRef = 149778551F367BC0001B6A2D /* agency.txt */; };
		149778621F367BC0001B6A2D /* calendar.txt in Resources */ = {isa = PBXBuildFile; fileRef = 149778561F367BC0001B6A2D /* calendar.txt */; };
		149778641F367BC0001B6A2D /* calendar.txt in Resources */ = {isa = PBXBuildFile; fileRef = 149778561F367BC0001B6A2D /* calendar.txt */; };
		149778651F367BC0001B6A2D /* calendar_dates.txt in Resources */ = {isa = PBXBuildFile; fileRef = 149778571F367BC0001B6A2D /* calendar_dates.txt */; };
		149778671F367BC0001B6A2D /* calendar_dates.txt in Resources */ = {isa = PBXBuildFile; fileRef = 149778571F367BC0001B6A2D /* calendar_dates.txt */; };
		149778681F367BC0001B6A2D /* fare_attributes.txt in Resources */ = {isa = PBXBuildFile; fileRef = 149778581F367BC0001B6A2D /* fare_attributes.txt */; };
		1497786A1F367BC0001B6A2D /* fare_attributes.txt in Resources */ = {isa = PBXBuildFile; fileRef = 149778581F367BC0001B6A2D /* fare_attributes.txt */; };
		1497786B1F367BC0001B6A2D /* fare_rules.txt in Resources */ = {isa = PBXBuildFile; fileRef = 149778591F367BC0001B6A2D /* fare_rules.txt */; };
		1497786D1F367BC0001B6A2D /* fare_rules.txt in Resources */ = {isa = PBXBuildFile; fileRef = 149778591F367BC0001B6A2D /* fare_rules.txt */; };
		1497786E1F367BC0001B6A2D /* routes.txt in Resources */ = {isa = PBXBuildFile; fileRef = 1497785A1F367BC0001B6A2D /* routes.txt */; };
		149778701F367BC0001B6A2D /* routes.txt in Resources */ = {isa = PBXBuildFile; fileRef = 1497785A1F367BC0001B6A2D /* routes.txt */; };
		149778711F367BC0001B6A2D /* shapes.txt in Resources */ = {isa = PBXBuildFile; fileRef = 1497785B1F367BC0001B6A2D /* shapes.txt */; };
		149778731F367BC0001B6A2D /* shapes.txt in Resources */ = {isa = PBXBuildFile; fileRef = 1497785B1F367BC0001B6A2D /* shapes.txt */; };
		149778741F367BC0001B6A2D /* stop_times.txt in Resources */ = {isa = PBXBuildFile; fileRef = 1497785C1F367BC0001B6A2D /* stop_times.txt */; };
		149778761F367BC0001B6A2D /* stop_times.txt in Resources */ = {isa = PBXBuildFile; fileRef = 1497785C1F367BC0001B6A2D /* stop_times.txt */; };
		149778771F367BC0001B6A2D /* stops.txt in Resources */ = {isa = PBXBuildFile; fileRef = 1497785D1F367BC0001B6A2D /* stops.txt */; };
		149778791F367BC0001B6A2D /* stops.txt in Resources */ = {isa = PBXBuildFile; fileRef = 1497785D1F367BC0001B6A2D /* stops.txt */; };
		1497787A1F367BC0001B6A2D /* trips.txt in Resources */ = {isa = PBXBuildFile; fileRef = 1497785E1F367BC0001B6A2D /* trips.txt */; };
		1497787C1F367BC0001B6A2D /* trips.txt in Resources */ = {isa = PBXBuildFile; fileRef = 1497785E1F367BC0001B6A2D /* trips.txt */; };
		1497787E1F367BD9001B6A2D /* SharedAssets.xcassets in Resources */ = {isa = PBXBuildFile; fileRef = 1497787D1F367BD9001B6A2D /* SharedAssets.xcassets */; };
		149778801F367BD9001B6A2D /* SharedAssets.xcassets in Resources */ = {isa = PBXBuildFile; fileRef = 1497787D1F367BD9001B6A2D /* SharedAssets.xcassets */; };
		149778821F367C7F001B6A2D /* VehiclePositionAnnotation.swift in Sources */ = {isa = PBXBuildFile; fileRef = 149778811F367C7F001B6A2D /* VehiclePositionAnnotation.swift */; };
		149778841F367C7F001B6A2D /* VehiclePositionAnnotation.swift in Sources */ = {isa = PBXBuildFile; fileRef = 149778811F367C7F001B6A2D /* VehiclePositionAnnotation.swift */; };
		149778891F367D4E001B6A2D /* MetraExtensions.swift in Sources */ = {isa = PBXBuildFile; fileRef = 149778881F367D4E001B6A2D /* MetraExtensions.swift */; };
		1497788B1F367D4E001B6A2D /* MetraExtensions.swift in Sources */ = {isa = PBXBuildFile; fileRef = 149778881F367D4E001B6A2D /* MetraExtensions.swift */; };
		1497788D1F367DB3001B6A2D /* VehiclePinView.swift in Sources */ = {isa = PBXBuildFile; fileRef = 1497788C1F367DB3001B6A2D /* VehiclePinView.swift */; };
		1497788F1F367DB3001B6A2D /* VehiclePinView.swift in Sources */ = {isa = PBXBuildFile; fileRef = 1497788C1F367DB3001B6A2D /* VehiclePinView.swift */; };
		149778911F367EC4001B6A2D /* AlertTableViewCell.swift in Sources */ = {isa = PBXBuildFile; fileRef = 149778901F367EC4001B6A2D /* AlertTableViewCell.swift */; };
		149778931F367ECA001B6A2D /* AlertTableViewController.swift in Sources */ = {isa = PBXBuildFile; fileRef = 149778921F367ECA001B6A2D /* AlertTableViewController.swift */; };
		14D410361F37BC2E008FC59A /* TransitKit.framework in Frameworks */ = {isa = PBXBuildFile; fileRef = 14D410351F37BC22008FC59A /* TransitKit.framework */; };
		14D410371F37BC2E008FC59A /* TransitKit.framework in Embed Frameworks */ = {isa = PBXBuildFile; fileRef = 14D410351F37BC22008FC59A /* TransitKit.framework */; settings = {ATTRIBUTES = (CodeSignOnCopy, RemoveHeadersOnCopy, ); }; };
		14F88B961F35C0B40009EC63 /* AppDelegate.swift in Sources */ = {isa = PBXBuildFile; fileRef = 14F88B951F35C0B40009EC63 /* AppDelegate.swift */; };
		14F88B9B1F35C0B40009EC63 /* Main.storyboard in Resources */ = {isa = PBXBuildFile; fileRef = 14F88B991F35C0B40009EC63 /* Main.storyboard */; };
		14F88B9D1F35C0B50009EC63 /* Assets.xcassets in Resources */ = {isa = PBXBuildFile; fileRef = 14F88B9C1F35C0B50009EC63 /* Assets.xcassets */; };
		14F88BA01F35C0B50009EC63 /* LaunchScreen.storyboard in Resources */ = {isa = PBXBuildFile; fileRef = 14F88B9E1F35C0B50009EC63 /* LaunchScreen.storyboard */; };
		14F88BAE1F35C0C20009EC63 /* MetraScreenshots.swift in Sources */ = {isa = PBXBuildFile; fileRef = 14F88BAD1F35C0C20009EC63 /* MetraScreenshots.swift */; };
		14F88BD21F35C1110009EC63 /* AppDelegate.swift in Sources */ = {isa = PBXBuildFile; fileRef = 14F88BD11F35C1110009EC63 /* AppDelegate.swift */; };
		14F88BD41F35C1110009EC63 /* ViewController.swift in Sources */ = {isa = PBXBuildFile; fileRef = 14F88BD31F35C1110009EC63 /* ViewController.swift */; };
		14F88BD71F35C1110009EC63 /* Main.storyboard in Resources */ = {isa = PBXBuildFile; fileRef = 14F88BD51F35C1110009EC63 /* Main.storyboard */; };
		14F88BD91F35C1120009EC63 /* Assets.xcassets in Resources */ = {isa = PBXBuildFile; fileRef = 14F88BD81F35C1120009EC63 /* Assets.xcassets */; };
/* End PBXBuildFile section */

/* Begin PBXContainerItemProxy section */
		1409478F1F65D03D00516BE3 /* PBXContainerItemProxy */ = {
			isa = PBXContainerItemProxy;
			containerPortal = 140947851F65D03D00516BE3 /* CSV.xcodeproj */;
			proxyType = 2;
			remoteGlobalIDString = 0E7E8CC61D0BCA2A0057A1C1;
			remoteInfo = "CSV-macOS";
		};
		140947911F65D03D00516BE3 /* PBXContainerItemProxy */ = {
			isa = PBXContainerItemProxy;
			containerPortal = 140947851F65D03D00516BE3 /* CSV.xcodeproj */;
			proxyType = 2;
			remoteGlobalIDString = 0E7E8C811D0BC7BB0057A1C1;
			remoteInfo = "CSV-iOS";
		};
		140947931F65D03D00516BE3 /* PBXContainerItemProxy */ = {
			isa = PBXContainerItemProxy;
			containerPortal = 140947851F65D03D00516BE3 /* CSV.xcodeproj */;
			proxyType = 2;
			remoteGlobalIDString = 0E7E8CE81D0BCD0B0057A1C1;
			remoteInfo = "CSV-tvOS";
		};
		140947951F65D03D00516BE3 /* PBXContainerItemProxy */ = {
			isa = PBXContainerItemProxy;
			containerPortal = 140947851F65D03D00516BE3 /* CSV.xcodeproj */;
			proxyType = 2;
			remoteGlobalIDString = 0E7E8CB51D0BC98B0057A1C1;
			remoteInfo = "CSV-watchOS";
		};
		140947971F65D03D00516BE3 /* PBXContainerItemProxy */ = {
			isa = PBXContainerItemProxy;
			containerPortal = 140947851F65D03D00516BE3 /* CSV.xcodeproj */;
			proxyType = 2;
			remoteGlobalIDString = 0E7E8CCF1D0BCA2A0057A1C1;
			remoteInfo = "CSVTests-macOS";
		};
		140947991F65D03D00516BE3 /* PBXContainerItemProxy */ = {
			isa = PBXContainerItemProxy;
			containerPortal = 140947851F65D03D00516BE3 /* CSV.xcodeproj */;
			proxyType = 2;
			remoteGlobalIDString = 0E7E8C8B1D0BC7BB0057A1C1;
			remoteInfo = "CSVTests-iOS";
		};
		1409479B1F65D03D00516BE3 /* PBXContainerItemProxy */ = {
			isa = PBXContainerItemProxy;
			containerPortal = 140947851F65D03D00516BE3 /* CSV.xcodeproj */;
			proxyType = 2;
			remoteGlobalIDString = 0E7E8CF11D0BCD0B0057A1C1;
			remoteInfo = "CSVTests-tvOS";
		};
		1409479F1F65D05000516BE3 /* PBXContainerItemProxy */ = {
			isa = PBXContainerItemProxy;
			containerPortal = 140947851F65D03D00516BE3 /* CSV.xcodeproj */;
			proxyType = 1;
			remoteGlobalIDString = 0E7E8C801D0BC7BB0057A1C1;
			remoteInfo = "CSV-iOS";
		};
		14D410341F37BC22008FC59A /* PBXContainerItemProxy */ = {
			isa = PBXContainerItemProxy;
			containerPortal = 14D4102A1F37BC22008FC59A /* TransitKit.xcodeproj */;
			proxyType = 2;
			remoteGlobalIDString = 14F88BE81F35C1410009EC63;
			remoteInfo = TransitKit;
		};
		14D410381F37BC2E008FC59A /* PBXContainerItemProxy */ = {
			isa = PBXContainerItemProxy;
			containerPortal = 14D4102A1F37BC22008FC59A /* TransitKit.xcodeproj */;
			proxyType = 1;
			remoteGlobalIDString = 14F88BE71F35C1410009EC63;
			remoteInfo = TransitKit;
		};
		14F88BB01F35C0C20009EC63 /* PBXContainerItemProxy */ = {
			isa = PBXContainerItemProxy;
			containerPortal = 14F88B8A1F35C0B40009EC63 /* Project object */;
			proxyType = 1;
			remoteGlobalIDString = 14F88B911F35C0B40009EC63;
			remoteInfo = Metra;
		};
/* End PBXContainerItemProxy section */

/* Begin PBXCopyFilesBuildPhase section */
		147BC6FE1F36F866001F5FAB /* Embed Frameworks */ = {
			isa = PBXCopyFilesBuildPhase;
			buildActionMask = 2147483647;
			dstPath = "";
			dstSubfolderSpec = 10;
			files = (
				14D410371F37BC2E008FC59A /* TransitKit.framework in Embed Frameworks */,
				1409479E1F65D05000516BE3 /* CSV.framework in Embed Frameworks */,
			);
			name = "Embed Frameworks";
			runOnlyForDeploymentPostprocessing = 0;
		};
		1498884D1F36DA9D006EDFDD /* Embed Frameworks */ = {
			isa = PBXCopyFilesBuildPhase;
			buildActionMask = 2147483647;
			dstPath = "";
			dstSubfolderSpec = 10;
			files = (
			);
			name = "Embed Frameworks";
			runOnlyForDeploymentPostprocessing = 0;
		};
/* End PBXCopyFilesBuildPhase section */

/* Begin PBXFileReference section */
		140947851F65D03D00516BE3 /* CSV.xcodeproj */ = {isa = PBXFileReference; lastKnownFileType = "wrapper.pb-project"; name = CSV.xcodeproj; path = ../../External/CSV/CSV.xcodeproj; sourceTree = "<group>"; };
		140947A11F65D06D00516BE3 /* fabric.apikey */ = {isa = PBXFileReference; fileEncoding = 4; lastKnownFileType = text; path = fabric.apikey; sourceTree = SOURCE_ROOT; };
		140947A21F65D06D00516BE3 /* fabric.buildsecret */ = {isa = PBXFileReference; fileEncoding = 4; lastKnownFileType = text; path = fabric.buildsecret; sourceTree = SOURCE_ROOT; };
		14550E741F37B62B00872B7B /* SnapshotHelper.swift */ = {isa = PBXFileReference; fileEncoding = 4; lastKnownFileType = sourcecode.swift; path = SnapshotHelper.swift; sourceTree = "<group>"; };
		1483468E1F36E98B00AFF585 /* Fabric.framework */ = {isa = PBXFileReference; lastKnownFileType = wrapper.framework; path = Fabric.framework; sourceTree = SOURCE_ROOT; };
		1483468F1F36E98B00AFF585 /* Crashlytics.framework */ = {isa = PBXFileReference; lastKnownFileType = wrapper.framework; path = Crashlytics.framework; sourceTree = SOURCE_ROOT; };
		1497782B1F367AFF001B6A2D /* MapViewController.swift */ = {isa = PBXFileReference; fileEncoding = 4; lastKnownFileType = sourcecode.swift; path = MapViewController.swift; sourceTree = "<group>"; };
		1497782F1F367B0D001B6A2D /* MapViewController+Filter.swift */ = {isa = PBXFileReference; fileEncoding = 4; lastKnownFileType = sourcecode.swift; path = "MapViewController+Filter.swift"; sourceTree = "<group>"; };
		149778331F367B14001B6A2D /* MapViewController+MapView.swift */ = {isa = PBXFileReference; fileEncoding = 4; lastKnownFileType = sourcecode.swift; path = "MapViewController+MapView.swift"; sourceTree = "<group>"; };
		149778371F367B2B001B6A2D /* FilterTableViewController.swift */ = {isa = PBXFileReference; fileEncoding = 4; lastKnownFileType = sourcecode.swift; path = FilterTableViewController.swift; sourceTree = "<group>"; };
		149778391F367B31001B6A2D /* MapFilter.swift */ = {isa = PBXFileReference; fileEncoding = 4; lastKnownFileType = sourcecode.swift; path = MapFilter.swift; sourceTree = "<group>"; };
		1497783B1F367B36001B6A2D /* Route.swift */ = {isa = PBXFileReference; fileEncoding = 4; lastKnownFileType = sourcecode.swift; path = Route.swift; sourceTree = "<group>"; };
		1497783D1F367B3A001B6A2D /* Shape.swift */ = {isa = PBXFileReference; fileEncoding = 4; lastKnownFileType = sourcecode.swift; path = Shape.swift; sourceTree = "<group>"; };
		1497783F1F367B3F001B6A2D /* System.swift */ = {isa = PBXFileReference; fileEncoding = 4; lastKnownFileType = sourcecode.swift; path = System.swift; sourceTree = "<group>"; };
		149778411F367B47001B6A2D /* MetraDownloadTask.swift */ = {isa = PBXFileReference; fileEncoding = 4; lastKnownFileType = sourcecode.swift; path = MetraDownloadTask.swift; sourceTree = "<group>"; };
		149778551F367BC0001B6A2D /* agency.txt */ = {isa = PBXFileReference; fileEncoding = 4; lastKnownFileType = text; path = agency.txt; sourceTree = "<group>"; };
		149778561F367BC0001B6A2D /* calendar.txt */ = {isa = PBXFileReference; fileEncoding = 4; lastKnownFileType = text; path = calendar.txt; sourceTree = "<group>"; };
		149778571F367BC0001B6A2D /* calendar_dates.txt */ = {isa = PBXFileReference; fileEncoding = 4; lastKnownFileType = text; path = calendar_dates.txt; sourceTree = "<group>"; };
		149778581F367BC0001B6A2D /* fare_attributes.txt */ = {isa = PBXFileReference; fileEncoding = 4; lastKnownFileType = text; path = fare_attributes.txt; sourceTree = "<group>"; };
		149778591F367BC0001B6A2D /* fare_rules.txt */ = {isa = PBXFileReference; fileEncoding = 4; lastKnownFileType = text; path = fare_rules.txt; sourceTree = "<group>"; };
		1497785A1F367BC0001B6A2D /* routes.txt */ = {isa = PBXFileReference; fileEncoding = 4; lastKnownFileType = text; path = routes.txt; sourceTree = "<group>"; };
		1497785B1F367BC0001B6A2D /* shapes.txt */ = {isa = PBXFileReference; fileEncoding = 4; lastKnownFileType = text; path = shapes.txt; sourceTree = "<group>"; };
		1497785C1F367BC0001B6A2D /* stop_times.txt */ = {isa = PBXFileReference; fileEncoding = 4; lastKnownFileType = text; path = stop_times.txt; sourceTree = "<group>"; };
		1497785D1F367BC0001B6A2D /* stops.txt */ = {isa = PBXFileReference; fileEncoding = 4; lastKnownFileType = text; path = stops.txt; sourceTree = "<group>"; };
		1497785E1F367BC0001B6A2D /* trips.txt */ = {isa = PBXFileReference; fileEncoding = 4; lastKnownFileType = text; path = trips.txt; sourceTree = "<group>"; };
		1497787D1F367BD9001B6A2D /* SharedAssets.xcassets */ = {isa = PBXFileReference; lastKnownFileType = folder.assetcatalog; path = SharedAssets.xcassets; sourceTree = "<group>"; };
		149778811F367C7F001B6A2D /* VehiclePositionAnnotation.swift */ = {isa = PBXFileReference; fileEncoding = 4; lastKnownFileType = sourcecode.swift; path = VehiclePositionAnnotation.swift; sourceTree = "<group>"; };
		149778861F367CD8001B6A2D /* CSV.framework */ = {isa = PBXFileReference; lastKnownFileType = wrapper.framework; name = CSV.framework; path = "../3rd Party/CSV/build/Debug-iphoneos/CSV.framework"; sourceTree = "<group>"; };
		149778881F367D4E001B6A2D /* MetraExtensions.swift */ = {isa = PBXFileReference; fileEncoding = 4; lastKnownFileType = sourcecode.swift; path = MetraExtensions.swift; sourceTree = "<group>"; };
		1497788C1F367DB3001B6A2D /* VehiclePinView.swift */ = {isa = PBXFileReference; fileEncoding = 4; lastKnownFileType = sourcecode.swift; path = VehiclePinView.swift; sourceTree = "<group>"; };
		149778901F367EC4001B6A2D /* AlertTableViewCell.swift */ = {isa = PBXFileReference; fileEncoding = 4; lastKnownFileType = sourcecode.swift; path = AlertTableViewCell.swift; sourceTree = "<group>"; };
		149778921F367ECA001B6A2D /* AlertTableViewController.swift */ = {isa = PBXFileReference; fileEncoding = 4; lastKnownFileType = sourcecode.swift; path = AlertTableViewController.swift; sourceTree = "<group>"; };
		14D410161F37BAC9008FC59A /* Fastfile */ = {isa = PBXFileReference; fileEncoding = 4; lastKnownFileType = text; path = Fastfile; sourceTree = SOURCE_ROOT; };
		14D410171F37BAC9008FC59A /* Snapfile */ = {isa = PBXFileReference; fileEncoding = 4; lastKnownFileType = text; path = Snapfile; sourceTree = SOURCE_ROOT; };
		14D4102A1F37BC22008FC59A /* TransitKit.xcodeproj */ = {isa = PBXFileReference; lastKnownFileType = "wrapper.pb-project"; name = TransitKit.xcodeproj; path = ../../TransitKit/TransitKit.xcodeproj; sourceTree = "<group>"; };
		14D4103C1F37C498008FC59A /* Deliverfile */ = {isa = PBXFileReference; lastKnownFileType = text; path = Deliverfile; sourceTree = SOURCE_ROOT; };
		14F88B921F35C0B40009EC63 /* Metra.app */ = {isa = PBXFileReference; explicitFileType = wrapper.application; includeInIndex = 0; path = Metra.app; sourceTree = BUILT_PRODUCTS_DIR; };
		14F88B951F35C0B40009EC63 /* AppDelegate.swift */ = {isa = PBXFileReference; lastKnownFileType = sourcecode.swift; path = AppDelegate.swift; sourceTree = "<group>"; };
		14F88B9A1F35C0B40009EC63 /* Base */ = {isa = PBXFileReference; lastKnownFileType = file.storyboard; name = Base; path = Base.lproj/Main.storyboard; sourceTree = "<group>"; };
		14F88B9C1F35C0B50009EC63 /* Assets.xcassets */ = {isa = PBXFileReference; lastKnownFileType = folder.assetcatalog; path = Assets.xcassets; sourceTree = "<group>"; };
		14F88B9F1F35C0B50009EC63 /* Base */ = {isa = PBXFileReference; lastKnownFileType = file.storyboard; name = Base; path = Base.lproj/LaunchScreen.storyboard; sourceTree = "<group>"; };
		14F88BA11F35C0B50009EC63 /* Info.plist */ = {isa = PBXFileReference; lastKnownFileType = text.plist.xml; path = Info.plist; sourceTree = "<group>"; };
		14F88BAB1F35C0C20009EC63 /* MetraScreenshots.xctest */ = {isa = PBXFileReference; explicitFileType = wrapper.cfbundle; includeInIndex = 0; path = MetraScreenshots.xctest; sourceTree = BUILT_PRODUCTS_DIR; };
		14F88BAD1F35C0C20009EC63 /* MetraScreenshots.swift */ = {isa = PBXFileReference; lastKnownFileType = sourcecode.swift; path = MetraScreenshots.swift; sourceTree = "<group>"; };
		14F88BAF1F35C0C20009EC63 /* Info.plist */ = {isa = PBXFileReference; lastKnownFileType = text.plist.xml; path = Info.plist; sourceTree = "<group>"; };
		14F88BCF1F35C1110009EC63 /* Metra (tvOS).app */ = {isa = PBXFileReference; explicitFileType = wrapper.application; includeInIndex = 0; path = "Metra (tvOS).app"; sourceTree = BUILT_PRODUCTS_DIR; };
		14F88BD11F35C1110009EC63 /* AppDelegate.swift */ = {isa = PBXFileReference; lastKnownFileType = sourcecode.swift; path = AppDelegate.swift; sourceTree = "<group>"; };
		14F88BD31F35C1110009EC63 /* ViewController.swift */ = {isa = PBXFileReference; lastKnownFileType = sourcecode.swift; path = ViewController.swift; sourceTree = "<group>"; };
		14F88BD61F35C1110009EC63 /* Base */ = {isa = PBXFileReference; lastKnownFileType = file.storyboard; name = Base; path = Base.lproj/Main.storyboard; sourceTree = "<group>"; };
		14F88BD81F35C1120009EC63 /* Assets.xcassets */ = {isa = PBXFileReference; lastKnownFileType = folder.assetcatalog; path = Assets.xcassets; sourceTree = "<group>"; };
		14F88BDA1F35C1120009EC63 /* Info.plist */ = {isa = PBXFileReference; lastKnownFileType = text.plist.xml; path = Info.plist; sourceTree = "<group>"; };
/* End PBXFileReference section */

/* Begin PBXFrameworksBuildPhase section */
		14F88B8F1F35C0B40009EC63 /* Frameworks */ = {
			isa = PBXFrameworksBuildPhase;
			buildActionMask = 2147483647;
			files = (
				14D410361F37BC2E008FC59A /* TransitKit.framework in Frameworks */,
				1409479D1F65D05000516BE3 /* CSV.framework in Frameworks */,
				148346911F36E98B00AFF585 /* Crashlytics.framework in Frameworks */,
				148346901F36E98B00AFF585 /* Fabric.framework in Frameworks */,
			);
			runOnlyForDeploymentPostprocessing = 0;
		};
		14F88BA81F35C0C20009EC63 /* Frameworks */ = {
			isa = PBXFrameworksBuildPhase;
			buildActionMask = 2147483647;
			files = (
			);
			runOnlyForDeploymentPostprocessing = 0;
		};
		14F88BCC1F35C1110009EC63 /* Frameworks */ = {
			isa = PBXFrameworksBuildPhase;
			buildActionMask = 2147483647;
			files = (
			);
			runOnlyForDeploymentPostprocessing = 0;
		};
/* End PBXFrameworksBuildPhase section */

/* Begin PBXGroup section */
		140947861F65D03D00516BE3 /* Products */ = {
			isa = PBXGroup;
			children = (
				140947901F65D03D00516BE3 /* CSV.framework */,
				140947921F65D03D00516BE3 /* CSV.framework */,
				140947941F65D03D00516BE3 /* CSV.framework */,
				140947961F65D03D00516BE3 /* CSV.framework */,
				140947981F65D03D00516BE3 /* CSVTests-macOS.xctest */,
				1409479A1F65D03D00516BE3 /* CSVTests-iOS.xctest */,
				1409479C1F65D03D00516BE3 /* CSVTests-tvOS.xctest */,
			);
			name = Products;
			sourceTree = "<group>";
		};
		1497784F1F367B5D001B6A2D /* Shared */ = {
			isa = PBXGroup;
			children = (
				149778511F367B83001B6A2D /* Filtering */,
				149778501F367B7A001B6A2D /* Map View */,
				149778521F367B90001B6A2D /* Model */,
				149778531F367BA6001B6A2D /* Resources */,
			);
			name = Shared;
			path = Metra;
			sourceTree = "<group>";
		};
		149778501F367B7A001B6A2D /* Map View */ = {
			isa = PBXGroup;
			children = (
				1497788C1F367DB3001B6A2D /* VehiclePinView.swift */,
				149778811F367C7F001B6A2D /* VehiclePositionAnnotation.swift */,
				1497782B1F367AFF001B6A2D /* MapViewController.swift */,
				1497782F1F367B0D001B6A2D /* MapViewController+Filter.swift */,
				149778331F367B14001B6A2D /* MapViewController+MapView.swift */,
			);
			name = "Map View";
			sourceTree = "<group>";
		};
		149778511F367B83001B6A2D /* Filtering */ = {
			isa = PBXGroup;
			children = (
				149778391F367B31001B6A2D /* MapFilter.swift */,
				149778371F367B2B001B6A2D /* FilterTableViewController.swift */,
			);
			name = Filtering;
			sourceTree = "<group>";
		};
		149778521F367B90001B6A2D /* Model */ = {
			isa = PBXGroup;
			children = (
				1497783B1F367B36001B6A2D /* Route.swift */,
				1497783D1F367B3A001B6A2D /* Shape.swift */,
				1497783F1F367B3F001B6A2D /* System.swift */,
				149778881F367D4E001B6A2D /* MetraExtensions.swift */,
				149778411F367B47001B6A2D /* MetraDownloadTask.swift */,
			);
			name = Model;
			sourceTree = "<group>";
		};
		149778531F367BA6001B6A2D /* Resources */ = {
			isa = PBXGroup;
			children = (
				140947A11F65D06D00516BE3 /* fabric.apikey */,
				140947A21F65D06D00516BE3 /* fabric.buildsecret */,
				140947851F65D03D00516BE3 /* CSV.xcodeproj */,
				14D4102A1F37BC22008FC59A /* TransitKit.xcodeproj */,
				1497787D1F367BD9001B6A2D /* SharedAssets.xcassets */,
				149778541F367BC0001B6A2D /* GTFS */,
			);
			name = Resources;
			sourceTree = "<group>";
		};
		149778541F367BC0001B6A2D /* GTFS */ = {
			isa = PBXGroup;
			children = (
				149778551F367BC0001B6A2D /* agency.txt */,
				149778561F367BC0001B6A2D /* calendar.txt */,
				149778571F367BC0001B6A2D /* calendar_dates.txt */,
				149778581F367BC0001B6A2D /* fare_attributes.txt */,
				149778591F367BC0001B6A2D /* fare_rules.txt */,
				1497785A1F367BC0001B6A2D /* routes.txt */,
				1497785B1F367BC0001B6A2D /* shapes.txt */,
				1497785C1F367BC0001B6A2D /* stop_times.txt */,
				1497785D1F367BC0001B6A2D /* stops.txt */,
				1497785E1F367BC0001B6A2D /* trips.txt */,
			);
			path = GTFS;
			sourceTree = "<group>";
		};
		149778851F367CD8001B6A2D /* Frameworks */ = {
			isa = PBXGroup;
			children = (
				149778861F367CD8001B6A2D /* CSV.framework */,
			);
			name = Frameworks;
			sourceTree = "<group>";
		};
		14D4102B1F37BC22008FC59A /* Products */ = {
			isa = PBXGroup;
			children = (
				14D410351F37BC22008FC59A /* TransitKit.framework */,
			);
			name = Products;
			sourceTree = "<group>";
		};
		14F88B891F35C0B40009EC63 = {
			isa = PBXGroup;
			children = (
				1497784F1F367B5D001B6A2D /* Shared */,
				14F88B941F35C0B40009EC63 /* Metra (iOS) */,
				14F88BD01F35C1110009EC63 /* Metra (tvOS) */,
				14F88BAC1F35C0C20009EC63 /* MetraScreenshots */,
				14F88B931F35C0B40009EC63 /* Products */,
				149778851F367CD8001B6A2D /* Frameworks */,
			);
			sourceTree = "<group>";
		};
		14F88B931F35C0B40009EC63 /* Products */ = {
			isa = PBXGroup;
			children = (
				14F88B921F35C0B40009EC63 /* Metra.app */,
				14F88BAB1F35C0C20009EC63 /* MetraScreenshots.xctest */,
				14F88BCF1F35C1110009EC63 /* Metra (tvOS).app */,
			);
			name = Products;
			sourceTree = "<group>";
		};
		14F88B941F35C0B40009EC63 /* Metra (iOS) */ = {
			isa = PBXGroup;
			children = (
				14F88B951F35C0B40009EC63 /* AppDelegate.swift */,
				149778901F367EC4001B6A2D /* AlertTableViewCell.swift */,
				149778921F367ECA001B6A2D /* AlertTableViewController.swift */,
				14F88B991F35C0B40009EC63 /* Main.storyboard */,
				14F88B9C1F35C0B50009EC63 /* Assets.xcassets */,
				14F88B9E1F35C0B50009EC63 /* LaunchScreen.storyboard */,
				14F88BA11F35C0B50009EC63 /* Info.plist */,
				1483468E1F36E98B00AFF585 /* Fabric.framework */,
				1483468F1F36E98B00AFF585 /* Crashlytics.framework */,
			);
			name = "Metra (iOS)";
			path = Metra;
			sourceTree = "<group>";
		};
		14F88BAC1F35C0C20009EC63 /* MetraScreenshots */ = {
			isa = PBXGroup;
			children = (
				14D4103C1F37C498008FC59A /* Deliverfile */,
				14D410161F37BAC9008FC59A /* Fastfile */,
				14D410171F37BAC9008FC59A /* Snapfile */,
				14550E741F37B62B00872B7B /* SnapshotHelper.swift */,
				14F88BAD1F35C0C20009EC63 /* MetraScreenshots.swift */,
				14F88BAF1F35C0C20009EC63 /* Info.plist */,
			);
			path = MetraScreenshots;
			sourceTree = "<group>";
		};
		14F88BD01F35C1110009EC63 /* Metra (tvOS) */ = {
			isa = PBXGroup;
			children = (
				14F88BD11F35C1110009EC63 /* AppDelegate.swift */,
				14F88BD31F35C1110009EC63 /* ViewController.swift */,
				14F88BD51F35C1110009EC63 /* Main.storyboard */,
				14F88BD81F35C1120009EC63 /* Assets.xcassets */,
				14F88BDA1F35C1120009EC63 /* Info.plist */,
			);
			path = "Metra (tvOS)";
			sourceTree = "<group>";
		};
/* End PBXGroup section */

/* Begin PBXNativeTarget section */
		14F88B911F35C0B40009EC63 /* Metra (iOS) */ = {
			isa = PBXNativeTarget;
			buildConfigurationList = 14F88BA41F35C0B50009EC63 /* Build configuration list for PBXNativeTarget "Metra (iOS)" */;
			buildPhases = (
				14550E6D1F37B5A500872B7B /* Build Number */,
				14F88B8E1F35C0B40009EC63 /* Sources */,
				14F88B8F1F35C0B40009EC63 /* Frameworks */,
				14F88B901F35C0B40009EC63 /* Resources */,
				147BC6FE1F36F866001F5FAB /* Embed Frameworks */,
				1405C82A1F37E60D0066B232 /* Swiftlint */,
				1483468D1F36E94700AFF585 /* Fabric */,
			);
			buildRules = (
			);
			dependencies = (
				14D410391F37BC2E008FC59A /* PBXTargetDependency */,
				140947A01F65D05000516BE3 /* PBXTargetDependency */,
			);
			name = "Metra (iOS)";
			productName = Metra;
			productReference = 14F88B921F35C0B40009EC63 /* Metra.app */;
			productType = "com.apple.product-type.application";
		};
		14F88BAA1F35C0C20009EC63 /* MetraScreenshots */ = {
			isa = PBXNativeTarget;
			buildConfigurationList = 14F88BB21F35C0C20009EC63 /* Build configuration list for PBXNativeTarget "MetraScreenshots" */;
			buildPhases = (
				14F88BA71F35C0C20009EC63 /* Sources */,
				14F88BA81F35C0C20009EC63 /* Frameworks */,
				14F88BA91F35C0C20009EC63 /* Resources */,
			);
			buildRules = (
			);
			dependencies = (
				14F88BB11F35C0C20009EC63 /* PBXTargetDependency */,
			);
			name = MetraScreenshots;
			productName = MetraScreenshots;
			productReference = 14F88BAB1F35C0C20009EC63 /* MetraScreenshots.xctest */;
			productType = "com.apple.product-type.bundle.ui-testing";
		};
		14F88BCE1F35C1110009EC63 /* Metra (tvOS) */ = {
			isa = PBXNativeTarget;
			buildConfigurationList = 14F88BDB1F35C1120009EC63 /* Build configuration list for PBXNativeTarget "Metra (tvOS)" */;
			buildPhases = (
				14F88BCB1F35C1110009EC63 /* Sources */,
				14F88BCC1F35C1110009EC63 /* Frameworks */,
				14F88BCD1F35C1110009EC63 /* Resources */,
				1498884D1F36DA9D006EDFDD /* Embed Frameworks */,
			);
			buildRules = (
			);
			dependencies = (
			);
			name = "Metra (tvOS)";
			productName = "Metra (tvOS)";
			productReference = 14F88BCF1F35C1110009EC63 /* Metra (tvOS).app */;
			productType = "com.apple.product-type.application";
		};
/* End PBXNativeTarget section */

/* Begin PBXProject section */
		14F88B8A1F35C0B40009EC63 /* Project object */ = {
			isa = PBXProject;
			attributes = {
				LastSwiftUpdateCheck = 0830;
				LastUpgradeCheck = 0900;
				ORGANIZATIONNAME = "Andrew Finke";
				TargetAttributes = {
					14F88B911F35C0B40009EC63 = {
						CreatedOnToolsVersion = 8.3.3;
						DevelopmentTeam = 72S993BNAV;
						LastSwiftMigration = 0920;
						ProvisioningStyle = Automatic;
					};
					14F88BAA1F35C0C20009EC63 = {
						CreatedOnToolsVersion = 8.3.3;
						DevelopmentTeam = 72S993BNAV;
						LastSwiftMigration = 0920;
						ProvisioningStyle = Automatic;
						TestTargetID = 14F88B911F35C0B40009EC63;
					};
					14F88BCE1F35C1110009EC63 = {
						CreatedOnToolsVersion = 8.3.3;
						DevelopmentTeam = 72S993BNAV;
						ProvisioningStyle = Automatic;
					};
				};
			};
			buildConfigurationList = 14F88B8D1F35C0B40009EC63 /* Build configuration list for PBXProject "Metra" */;
			compatibilityVersion = "Xcode 3.2";
			developmentRegion = English;
			hasScannedForEncodings = 0;
			knownRegions = (
				en,
				Base,
			);
			mainGroup = 14F88B891F35C0B40009EC63;
			productRefGroup = 14F88B931F35C0B40009EC63 /* Products */;
			projectDirPath = "";
			projectReferences = (
				{
					ProductGroup = 140947861F65D03D00516BE3 /* Products */;
					ProjectRef = 140947851F65D03D00516BE3 /* CSV.xcodeproj */;
				},
				{
					ProductGroup = 14D4102B1F37BC22008FC59A /* Products */;
					ProjectRef = 14D4102A1F37BC22008FC59A /* TransitKit.xcodeproj */;
				},
			);
			projectRoot = "";
			targets = (
				14F88B911F35C0B40009EC63 /* Metra (iOS) */,
				14F88BCE1F35C1110009EC63 /* Metra (tvOS) */,
				14F88BAA1F35C0C20009EC63 /* MetraScreenshots */,
			);
		};
/* End PBXProject section */

/* Begin PBXReferenceProxy section */
		140947901F65D03D00516BE3 /* CSV.framework */ = {
			isa = PBXReferenceProxy;
			fileType = wrapper.framework;
			path = CSV.framework;
			remoteRef = 1409478F1F65D03D00516BE3 /* PBXContainerItemProxy */;
			sourceTree = BUILT_PRODUCTS_DIR;
		};
		140947921F65D03D00516BE3 /* CSV.framework */ = {
			isa = PBXReferenceProxy;
			fileType = wrapper.framework;
			path = CSV.framework;
			remoteRef = 140947911F65D03D00516BE3 /* PBXContainerItemProxy */;
			sourceTree = BUILT_PRODUCTS_DIR;
		};
		140947941F65D03D00516BE3 /* CSV.framework */ = {
			isa = PBXReferenceProxy;
			fileType = wrapper.framework;
			path = CSV.framework;
			remoteRef = 140947931F65D03D00516BE3 /* PBXContainerItemProxy */;
			sourceTree = BUILT_PRODUCTS_DIR;
		};
		140947961F65D03D00516BE3 /* CSV.framework */ = {
			isa = PBXReferenceProxy;
			fileType = wrapper.framework;
			path = CSV.framework;
			remoteRef = 140947951F65D03D00516BE3 /* PBXContainerItemProxy */;
			sourceTree = BUILT_PRODUCTS_DIR;
		};
		140947981F65D03D00516BE3 /* CSVTests-macOS.xctest */ = {
			isa = PBXReferenceProxy;
			fileType = wrapper.cfbundle;
			path = "CSVTests-macOS.xctest";
			remoteRef = 140947971F65D03D00516BE3 /* PBXContainerItemProxy */;
			sourceTree = BUILT_PRODUCTS_DIR;
		};
		1409479A1F65D03D00516BE3 /* CSVTests-iOS.xctest */ = {
			isa = PBXReferenceProxy;
			fileType = wrapper.cfbundle;
			path = "CSVTests-iOS.xctest";
			remoteRef = 140947991F65D03D00516BE3 /* PBXContainerItemProxy */;
			sourceTree = BUILT_PRODUCTS_DIR;
		};
		1409479C1F65D03D00516BE3 /* CSVTests-tvOS.xctest */ = {
			isa = PBXReferenceProxy;
			fileType = wrapper.cfbundle;
			path = "CSVTests-tvOS.xctest";
			remoteRef = 1409479B1F65D03D00516BE3 /* PBXContainerItemProxy */;
			sourceTree = BUILT_PRODUCTS_DIR;
		};
		14D410351F37BC22008FC59A /* TransitKit.framework */ = {
			isa = PBXReferenceProxy;
			fileType = wrapper.framework;
			path = TransitKit.framework;
			remoteRef = 14D410341F37BC22008FC59A /* PBXContainerItemProxy */;
			sourceTree = BUILT_PRODUCTS_DIR;
		};
/* End PBXReferenceProxy section */

/* Begin PBXResourcesBuildPhase section */
		14F88B901F35C0B40009EC63 /* Resources */ = {
			isa = PBXResourcesBuildPhase;
			buildActionMask = 2147483647;
			files = (
				149778711F367BC0001B6A2D /* shapes.txt in Resources */,
				149778621F367BC0001B6A2D /* calendar.txt in Resources */,
				149778681F367BC0001B6A2D /* fare_attributes.txt in Resources */,
				14F88BA01F35C0B50009EC63 /* LaunchScreen.storyboard in Resources */,
				149778771F367BC0001B6A2D /* stops.txt in Resources */,
				149778741F367BC0001B6A2D /* stop_times.txt in Resources */,
				14F88B9D1F35C0B50009EC63 /* Assets.xcassets in Resources */,
				1497786B1F367BC0001B6A2D /* fare_rules.txt in Resources */,
				1497787A1F367BC0001B6A2D /* trips.txt in Resources */,
				14F88B9B1F35C0B40009EC63 /* Main.storyboard in Resources */,
				149778651F367BC0001B6A2D /* calendar_dates.txt in Resources */,
				1497787E1F367BD9001B6A2D /* SharedAssets.xcassets in Resources */,
				140947A31F65D06D00516BE3 /* fabric.apikey in Resources */,
				1497785F1F367BC0001B6A2D /* agency.txt in Resources */,
				1497786E1F367BC0001B6A2D /* routes.txt in Resources */,
			);
			runOnlyForDeploymentPostprocessing = 0;
		};
		14F88BA91F35C0C20009EC63 /* Resources */ = {
			isa = PBXResourcesBuildPhase;
			buildActionMask = 2147483647;
			files = (
			);
			runOnlyForDeploymentPostprocessing = 0;
		};
		14F88BCD1F35C1110009EC63 /* Resources */ = {
			isa = PBXResourcesBuildPhase;
			buildActionMask = 2147483647;
			files = (
				149778641F367BC0001B6A2D /* calendar.txt in Resources */,
				149778671F367BC0001B6A2D /* calendar_dates.txt in Resources */,
				149778701F367BC0001B6A2D /* routes.txt in Resources */,
				14F88BD91F35C1120009EC63 /* Assets.xcassets in Resources */,
				149778791F367BC0001B6A2D /* stops.txt in Resources */,
				1497787C1F367BC0001B6A2D /* trips.txt in Resources */,
				1497786A1F367BC0001B6A2D /* fare_attributes.txt in Resources */,
				14F88BD71F35C1110009EC63 /* Main.storyboard in Resources */,
				149778611F367BC0001B6A2D /* agency.txt in Resources */,
				149778801F367BD9001B6A2D /* SharedAssets.xcassets in Resources */,
				149778761F367BC0001B6A2D /* stop_times.txt in Resources */,
				149778731F367BC0001B6A2D /* shapes.txt in Resources */,
				1497786D1F367BC0001B6A2D /* fare_rules.txt in Resources */,
			);
			runOnlyForDeploymentPostprocessing = 0;
		};
/* End PBXResourcesBuildPhase section */

/* Begin PBXShellScriptBuildPhase section */
		1405C82A1F37E60D0066B232 /* Swiftlint */ = {
			isa = PBXShellScriptBuildPhase;
			buildActionMask = 2147483647;
			files = (
			);
			inputPaths = (
			);
			name = Swiftlint;
			outputPaths = (
			);
			runOnlyForDeploymentPostprocessing = 0;
			shellPath = /bin/sh;
			shellScript = "if which swiftlint >/dev/null; then\nswiftlint\nelse\necho \"warning: SwiftLint not installed, download from https://github.com/realm/SwiftLint\"\nfi";
		};
		14550E6D1F37B5A500872B7B /* Build Number */ = {
			isa = PBXShellScriptBuildPhase;
			buildActionMask = 2147483647;
			files = (
			);
			inputPaths = (
			);
			name = "Build Number";
			outputPaths = (
			);
			runOnlyForDeploymentPostprocessing = 0;
			shellPath = /bin/sh;
			shellScript = "buildNumber=$(/usr/libexec/PlistBuddy -c \"Print CFBundleVersion\" \"${PROJECT_DIR}/${INFOPLIST_FILE}\")\nbuildNumber=$(($buildNumber + 1))\n/usr/libexec/PlistBuddy -c \"Set :CFBundleVersion $buildNumber\" \"${PROJECT_DIR}/${INFOPLIST_FILE}\"";
		};
		1483468D1F36E94700AFF585 /* Fabric */ = {
			isa = PBXShellScriptBuildPhase;
			buildActionMask = 2147483647;
			files = (
			);
			inputPaths = (
			);
			name = Fabric;
			outputPaths = (
			);
			runOnlyForDeploymentPostprocessing = 0;
			shellPath = /bin/sh;
			shellScript = "FABRIC_APIKEY_FILE=\"${SRCROOT}/fabric.apikey\"\nFABRIC_BUILDSECRET_FILE=\"${SRCROOT}/fabric.buildsecret\"\n\nif test ! -f \"$FABRIC_APIKEY_FILE\" -o ! -f \"$FABRIC_BUILDSECRET_FILE\"; then\necho \"This build wants to upload dSYM files to Crashlytics.\"\necho \"Uploading is possible only if a Fabric API key and a Fabric build secret are\"\necho \"available. This build is failing because at least one of these pieces of\"\necho \"information is missing.\"\necho \"\"\necho \"To fix the problem, create the following files and store the API key and\"\necho \"build secret, respectively, within those files:\"\necho \"\"\necho \"  $FABRIC_APIKEY_FILE\"\necho \"  $FABRIC_BUILDSECRET_FILE\"\necho \"\"\necho \"If you forked the project then you must register with Crashlytics and\"\necho \"get your own API key and build secret.\"\n\n# Let the build fail\nexit 1\nfi\n\nFABRIC_APIKEY=$(cat \"$FABRIC_APIKEY_FILE\")\nif test $? -ne 0; then\necho \"Cannot read $FABRIC_APIKEY_FILE\"\nexit 1\nfi\n\nFABRIC_BUILDSECRET=$(cat \"$FABRIC_BUILDSECRET_FILE\")\nif test $? -ne 0; then\necho \"Cannot read $FABRIC_BUILDSECRET_FILE\"\nexit 1\nfi\n\necho \"Uploading dSYM files to Crashlytics\"\n\"./Fabric.framework/run\" \"$FABRIC_APIKEY\" \"$FABRIC_BUILDSECRET\"";
		};
/* End PBXShellScriptBuildPhase section */

/* Begin PBXSourcesBuildPhase section */
		14F88B8E1F35C0B40009EC63 /* Sources */ = {
			isa = PBXSourcesBuildPhase;
			buildActionMask = 2147483647;
			files = (
				149778401F367B3F001B6A2D /* System.swift in Sources */,
				149778821F367C7F001B6A2D /* VehiclePositionAnnotation.swift in Sources */,
				149778381F367B2B001B6A2D /* FilterTableViewController.swift in Sources */,
				1497782C1F367AFF001B6A2D /* MapViewController.swift in Sources */,
				1497783A1F367B31001B6A2D /* MapFilter.swift in Sources */,
				1497783E1F367B3A001B6A2D /* Shape.swift in Sources */,
				149778891F367D4E001B6A2D /* MetraExtensions.swift in Sources */,
				149778931F367ECA001B6A2D /* AlertTableViewController.swift in Sources */,
				149778341F367B14001B6A2D /* MapViewController+MapView.swift in Sources */,
				149778911F367EC4001B6A2D /* AlertTableViewCell.swift in Sources */,
				1497783C1F367B36001B6A2D /* Route.swift in Sources */,
				14F88B961F35C0B40009EC63 /* AppDelegate.swift in Sources */,
				149778301F367B0D001B6A2D /* MapViewController+Filter.swift in Sources */,
				149778421F367B47001B6A2D /* MetraDownloadTask.swift in Sources */,
				1497788D1F367DB3001B6A2D /* VehiclePinView.swift in Sources */,
			);
			runOnlyForDeploymentPostprocessing = 0;
		};
		14F88BA71F35C0C20009EC63 /* Sources */ = {
			isa = PBXSourcesBuildPhase;
			buildActionMask = 2147483647;
			files = (
				14F88BAE1F35C0C20009EC63 /* MetraScreenshots.swift in Sources */,
				14550E751F37B62B00872B7B /* SnapshotHelper.swift in Sources */,
			);
			runOnlyForDeploymentPostprocessing = 0;
		};
		14F88BCB1F35C1110009EC63 /* Sources */ = {
			isa = PBXSourcesBuildPhase;
			buildActionMask = 2147483647;
			files = (
				1497784D1F367B4F001B6A2D /* System.swift in Sources */,
				14F88BD41F35C1110009EC63 /* ViewController.swift in Sources */,
				149778841F367C7F001B6A2D /* VehiclePositionAnnotation.swift in Sources */,
				149778491F367B4F001B6A2D /* FilterTableViewController.swift in Sources */,
				1497782E1F367AFF001B6A2D /* MapViewController.swift in Sources */,
				1497784A1F367B4F001B6A2D /* MapFilter.swift in Sources */,
				1497784C1F367B4F001B6A2D /* Shape.swift in Sources */,
				1497788B1F367D4E001B6A2D /* MetraExtensions.swift in Sources */,
				149778361F367B14001B6A2D /* MapViewController+MapView.swift in Sources */,
				1497784B1F367B4F001B6A2D /* Route.swift in Sources */,
				14F88BD21F35C1110009EC63 /* AppDelegate.swift in Sources */,
				149778321F367B0D001B6A2D /* MapViewController+Filter.swift in Sources */,
				1497784E1F367B4F001B6A2D /* MetraDownloadTask.swift in Sources */,
				1497788F1F367DB3001B6A2D /* VehiclePinView.swift in Sources */,
			);
			runOnlyForDeploymentPostprocessing = 0;
		};
/* End PBXSourcesBuildPhase section */

/* Begin PBXTargetDependency section */
		140947A01F65D05000516BE3 /* PBXTargetDependency */ = {
			isa = PBXTargetDependency;
			name = "CSV-iOS";
			targetProxy = 1409479F1F65D05000516BE3 /* PBXContainerItemProxy */;
		};
		14D410391F37BC2E008FC59A /* PBXTargetDependency */ = {
			isa = PBXTargetDependency;
			name = TransitKit;
			targetProxy = 14D410381F37BC2E008FC59A /* PBXContainerItemProxy */;
		};
		14F88BB11F35C0C20009EC63 /* PBXTargetDependency */ = {
			isa = PBXTargetDependency;
			target = 14F88B911F35C0B40009EC63 /* Metra (iOS) */;
			targetProxy = 14F88BB01F35C0C20009EC63 /* PBXContainerItemProxy */;
		};
/* End PBXTargetDependency section */

/* Begin PBXVariantGroup section */
		14F88B991F35C0B40009EC63 /* Main.storyboard */ = {
			isa = PBXVariantGroup;
			children = (
				14F88B9A1F35C0B40009EC63 /* Base */,
			);
			name = Main.storyboard;
			sourceTree = "<group>";
		};
		14F88B9E1F35C0B50009EC63 /* LaunchScreen.storyboard */ = {
			isa = PBXVariantGroup;
			children = (
				14F88B9F1F35C0B50009EC63 /* Base */,
			);
			name = LaunchScreen.storyboard;
			sourceTree = "<group>";
		};
		14F88BD51F35C1110009EC63 /* Main.storyboard */ = {
			isa = PBXVariantGroup;
			children = (
				14F88BD61F35C1110009EC63 /* Base */,
			);
			name = Main.storyboard;
			sourceTree = "<group>";
		};
/* End PBXVariantGroup section */

/* Begin XCBuildConfiguration section */
		14F88BA21F35C0B50009EC63 /* Debug */ = {
			isa = XCBuildConfiguration;
			buildSettings = {
				ALWAYS_SEARCH_USER_PATHS = NO;
				CLANG_ANALYZER_NONNULL = YES;
				CLANG_ANALYZER_NUMBER_OBJECT_CONVERSION = YES_AGGRESSIVE;
				CLANG_CXX_LANGUAGE_STANDARD = "gnu++0x";
				CLANG_CXX_LIBRARY = "libc++";
				CLANG_ENABLE_MODULES = YES;
				CLANG_ENABLE_OBJC_ARC = YES;
				CLANG_WARN_BLOCK_CAPTURE_AUTORELEASING = YES;
				CLANG_WARN_BOOL_CONVERSION = YES;
				CLANG_WARN_COMMA = YES;
				CLANG_WARN_CONSTANT_CONVERSION = YES;
				CLANG_WARN_DIRECT_OBJC_ISA_USAGE = YES_ERROR;
				CLANG_WARN_DOCUMENTATION_COMMENTS = YES;
				CLANG_WARN_EMPTY_BODY = YES;
				CLANG_WARN_ENUM_CONVERSION = YES;
				CLANG_WARN_INFINITE_RECURSION = YES;
				CLANG_WARN_INT_CONVERSION = YES;
				CLANG_WARN_NON_LITERAL_NULL_CONVERSION = YES;
				CLANG_WARN_OBJC_LITERAL_CONVERSION = YES;
				CLANG_WARN_OBJC_ROOT_CLASS = YES_ERROR;
				CLANG_WARN_RANGE_LOOP_ANALYSIS = YES;
				CLANG_WARN_STRICT_PROTOTYPES = YES;
				CLANG_WARN_SUSPICIOUS_MOVE = YES;
				CLANG_WARN_UNREACHABLE_CODE = YES;
				CLANG_WARN__DUPLICATE_METHOD_MATCH = YES;
				"CODE_SIGN_IDENTITY[sdk=iphoneos*]" = "iPhone Developer";
				COPY_PHASE_STRIP = NO;
				DEBUG_INFORMATION_FORMAT = dwarf;
				ENABLE_STRICT_OBJC_MSGSEND = YES;
				ENABLE_TESTABILITY = YES;
				GCC_C_LANGUAGE_STANDARD = gnu99;
				GCC_DYNAMIC_NO_PIC = NO;
				GCC_NO_COMMON_BLOCKS = YES;
				GCC_OPTIMIZATION_LEVEL = 0;
				GCC_PREPROCESSOR_DEFINITIONS = (
					"DEBUG=1",
					"$(inherited)",
				);
				GCC_WARN_64_TO_32_BIT_CONVERSION = YES;
				GCC_WARN_ABOUT_RETURN_TYPE = YES_ERROR;
				GCC_WARN_UNDECLARED_SELECTOR = YES;
				GCC_WARN_UNINITIALIZED_AUTOS = YES_AGGRESSIVE;
				GCC_WARN_UNUSED_FUNCTION = YES;
				GCC_WARN_UNUSED_VARIABLE = YES;
				IPHONEOS_DEPLOYMENT_TARGET = 10.3;
				MTL_ENABLE_DEBUG_INFO = YES;
				ONLY_ACTIVE_ARCH = YES;
				SDKROOT = iphoneos;
				SWIFT_ACTIVE_COMPILATION_CONDITIONS = DEBUG;
				SWIFT_OPTIMIZATION_LEVEL = "-Onone";
				TARGETED_DEVICE_FAMILY = "1,2";
			};
			name = Debug;
		};
		14F88BA31F35C0B50009EC63 /* Release */ = {
			isa = XCBuildConfiguration;
			buildSettings = {
				ALWAYS_SEARCH_USER_PATHS = NO;
				CLANG_ANALYZER_NONNULL = YES;
				CLANG_ANALYZER_NUMBER_OBJECT_CONVERSION = YES_AGGRESSIVE;
				CLANG_CXX_LANGUAGE_STANDARD = "gnu++0x";
				CLANG_CXX_LIBRARY = "libc++";
				CLANG_ENABLE_MODULES = YES;
				CLANG_ENABLE_OBJC_ARC = YES;
				CLANG_WARN_BLOCK_CAPTURE_AUTORELEASING = YES;
				CLANG_WARN_BOOL_CONVERSION = YES;
				CLANG_WARN_COMMA = YES;
				CLANG_WARN_CONSTANT_CONVERSION = YES;
				CLANG_WARN_DIRECT_OBJC_ISA_USAGE = YES_ERROR;
				CLANG_WARN_DOCUMENTATION_COMMENTS = YES;
				CLANG_WARN_EMPTY_BODY = YES;
				CLANG_WARN_ENUM_CONVERSION = YES;
				CLANG_WARN_INFINITE_RECURSION = YES;
				CLANG_WARN_INT_CONVERSION = YES;
				CLANG_WARN_NON_LITERAL_NULL_CONVERSION = YES;
				CLANG_WARN_OBJC_LITERAL_CONVERSION = YES;
				CLANG_WARN_OBJC_ROOT_CLASS = YES_ERROR;
				CLANG_WARN_RANGE_LOOP_ANALYSIS = YES;
				CLANG_WARN_STRICT_PROTOTYPES = YES;
				CLANG_WARN_SUSPICIOUS_MOVE = YES;
				CLANG_WARN_UNREACHABLE_CODE = YES;
				CLANG_WARN__DUPLICATE_METHOD_MATCH = YES;
				"CODE_SIGN_IDENTITY[sdk=iphoneos*]" = "iPhone Developer";
				COPY_PHASE_STRIP = NO;
				DEBUG_INFORMATION_FORMAT = "dwarf-with-dsym";
				ENABLE_NS_ASSERTIONS = NO;
				ENABLE_STRICT_OBJC_MSGSEND = YES;
				GCC_C_LANGUAGE_STANDARD = gnu99;
				GCC_NO_COMMON_BLOCKS = YES;
				GCC_WARN_64_TO_32_BIT_CONVERSION = YES;
				GCC_WARN_ABOUT_RETURN_TYPE = YES_ERROR;
				GCC_WARN_UNDECLARED_SELECTOR = YES;
				GCC_WARN_UNINITIALIZED_AUTOS = YES_AGGRESSIVE;
				GCC_WARN_UNUSED_FUNCTION = YES;
				GCC_WARN_UNUSED_VARIABLE = YES;
				IPHONEOS_DEPLOYMENT_TARGET = 10.3;
				MTL_ENABLE_DEBUG_INFO = NO;
				SDKROOT = iphoneos;
				SWIFT_OPTIMIZATION_LEVEL = "-Owholemodule";
				TARGETED_DEVICE_FAMILY = "1,2";
				VALIDATE_PRODUCT = YES;
			};
			name = Release;
		};
		14F88BA51F35C0B50009EC63 /* Debug */ = {
			isa = XCBuildConfiguration;
			buildSettings = {
				ALWAYS_EMBED_SWIFT_STANDARD_LIBRARIES = YES;
				ASSETCATALOG_COMPILER_APPICON_NAME = AppIcon;
				DEBUG_INFORMATION_FORMAT = "dwarf-with-dsym";
				DEVELOPMENT_TEAM = 72S993BNAV;
				FRAMEWORK_SEARCH_PATHS = (
					"$(inherited)",
					"$(PROJECT_DIR)",
				);
				INFOPLIST_FILE = Metra/Info.plist;
				IPHONEOS_DEPLOYMENT_TARGET = 10.0;
				LD_RUNPATH_SEARCH_PATHS = "$(inherited) @executable_path/Frameworks";
				PRODUCT_BUNDLE_IDENTIFIER = com.andrewfinke.Metra;
				PRODUCT_NAME = Metra;
				SWIFT_SWIFT3_OBJC_INFERENCE = Default;
				SWIFT_VERSION = 4.0;
			};
			name = Debug;
		};
		14F88BA61F35C0B50009EC63 /* Release */ = {
			isa = XCBuildConfiguration;
			buildSettings = {
				ALWAYS_EMBED_SWIFT_STANDARD_LIBRARIES = YES;
				ASSETCATALOG_COMPILER_APPICON_NAME = AppIcon;
				DEVELOPMENT_TEAM = 72S993BNAV;
				FRAMEWORK_SEARCH_PATHS = (
					"$(inherited)",
					"$(PROJECT_DIR)",
				);
				INFOPLIST_FILE = Metra/Info.plist;
				IPHONEOS_DEPLOYMENT_TARGET = 10.0;
				LD_RUNPATH_SEARCH_PATHS = "$(inherited) @executable_path/Frameworks";
				PRODUCT_BUNDLE_IDENTIFIER = com.andrewfinke.Metra;
				PRODUCT_NAME = Metra;
				SWIFT_SWIFT3_OBJC_INFERENCE = Default;
				SWIFT_VERSION = 4.0;
			};
			name = Release;
		};
		14F88BB31F35C0C20009EC63 /* Debug */ = {
			isa = XCBuildConfiguration;
			buildSettings = {
				DEVELOPMENT_TEAM = 72S993BNAV;
				INFOPLIST_FILE = MetraScreenshots/Info.plist;
				LD_RUNPATH_SEARCH_PATHS = "$(inherited) @executable_path/Frameworks @loader_path/Frameworks";
				OTHER_SWIFT_FLAGS = "-DTARGET_SCREENSHOTS";
				PRODUCT_BUNDLE_IDENTIFIER = com.andrewfinke.MetraScreenshots;
				PRODUCT_NAME = "$(TARGET_NAME)";
				PROVISIONING_PROFILE = "";
				SWIFT_SWIFT3_OBJC_INFERENCE = Default;
				SWIFT_VERSION = 4.0;
				TEST_TARGET_NAME = "Metra (iOS)";
			};
			name = Debug;
		};
		14F88BB41F35C0C20009EC63 /* Release */ = {
			isa = XCBuildConfiguration;
			buildSettings = {
				DEVELOPMENT_TEAM = 72S993BNAV;
				INFOPLIST_FILE = MetraScreenshots/Info.plist;
				LD_RUNPATH_SEARCH_PATHS = "$(inherited) @executable_path/Frameworks @loader_path/Frameworks";
				OTHER_SWIFT_FLAGS = "-DTARGET_SCREENSHOTS";
				PRODUCT_BUNDLE_IDENTIFIER = com.andrewfinke.MetraScreenshots;
				PRODUCT_NAME = "$(TARGET_NAME)";
				PROVISIONING_PROFILE = "";
				SWIFT_SWIFT3_OBJC_INFERENCE = Default;
				SWIFT_VERSION = 4.0;
				TEST_TARGET_NAME = "Metra (iOS)";
			};
			name = Release;
		};
		14F88BDC1F35C1120009EC63 /* Debug */ = {
			isa = XCBuildConfiguration;
			buildSettings = {
				ASSETCATALOG_COMPILER_APPICON_NAME = "App Icon & Top Shelf Image";
				ASSETCATALOG_COMPILER_LAUNCHIMAGE_NAME = LaunchImage;
				DEBUG_INFORMATION_FORMAT = "dwarf-with-dsym";
				DEVELOPMENT_TEAM = 72S993BNAV;
				INFOPLIST_FILE = "Metra (tvOS)/Info.plist";
				LD_RUNPATH_SEARCH_PATHS = "$(inherited) @executable_path/Frameworks";
				PRODUCT_BUNDLE_IDENTIFIER = "com.andrewfinke.Metra--tvOS-";
				PRODUCT_NAME = "$(TARGET_NAME)";
				SDKROOT = appletvos;
				SWIFT_VERSION = 3.0;
				TARGETED_DEVICE_FAMILY = 3;
				TVOS_DEPLOYMENT_TARGET = 10.0;
			};
			name = Debug;
		};
		14F88BDD1F35C1120009EC63 /* Release */ = {
			isa = XCBuildConfiguration;
			buildSettings = {
				ASSETCATALOG_COMPILER_APPICON_NAME = "App Icon & Top Shelf Image";
				ASSETCATALOG_COMPILER_LAUNCHIMAGE_NAME = LaunchImage;
				DEVELOPMENT_TEAM = 72S993BNAV;
				INFOPLIST_FILE = "Metra (tvOS)/Info.plist";
				LD_RUNPATH_SEARCH_PATHS = "$(inherited) @executable_path/Frameworks";
				PRODUCT_BUNDLE_IDENTIFIER = "com.andrewfinke.Metra--tvOS-";
				PRODUCT_NAME = "$(TARGET_NAME)";
				SDKROOT = appletvos;
				SWIFT_VERSION = 3.0;
				TARGETED_DEVICE_FAMILY = 3;
				TVOS_DEPLOYMENT_TARGET = 10.0;
			};
			name = Release;
		};
/* End XCBuildConfiguration section */

/* Begin XCConfigurationList section */
		14F88B8D1F35C0B40009EC63 /* Build configuration list for PBXProject "Metra" */ = {
			isa = XCConfigurationList;
			buildConfigurations = (
				14F88BA21F35C0B50009EC63 /* Debug */,
				14F88BA31F35C0B50009EC63 /* Release */,
			);
			defaultConfigurationIsVisible = 0;
			defaultConfigurationName = Release;
		};
		14F88BA41F35C0B50009EC63 /* Build configuration list for PBXNativeTarget "Metra (iOS)" */ = {
			isa = XCConfigurationList;
			buildConfigurations = (
				14F88BA51F35C0B50009EC63 /* Debug */,
				14F88BA61F35C0B50009EC63 /* Release */,
			);
			defaultConfigurationIsVisible = 0;
			defaultConfigurationName = Release;
		};
		14F88BB21F35C0C20009EC63 /* Build configuration list for PBXNativeTarget "MetraScreenshots" */ = {
			isa = XCConfigurationList;
			buildConfigurations = (
				14F88BB31F35C0C20009EC63 /* Debug */,
				14F88BB41F35C0C20009EC63 /* Release */,
			);
			defaultConfigurationIsVisible = 0;
			defaultConfigurationName = Release;
		};
		14F88BDB1F35C1120009EC63 /* Build configuration list for PBXNativeTarget "Metra (tvOS)" */ = {
			isa = XCConfigurationList;
			buildConfigurations = (
				14F88BDC1F35C1120009EC63 /* Debug */,
				14F88BDD1F35C1120009EC63 /* Release */,
			);
			defaultConfigurationIsVisible = 0;
			defaultConfigurationName = Release;
		};
/* End XCConfigurationList section */
	};
	rootObject = 14F88B8A1F35C0B40009EC63 /* Project object */;
}
