// !$*UTF8*$!
{
	archiveVersion = 1;
	classes = {
	};
	objectVersion = 46;
	objects = {

/* Begin PBXBuildFile section */
		142943F2206DADF400678B28 /* AlertTableViewCell.swift in Sources */ = {isa = PBXBuildFile; fileRef = 142943E7206DADF400678B28 /* AlertTableViewCell.swift */; };
		142943F3206DADF400678B28 /* AlertTableViewController.swift in Sources */ = {isa = PBXBuildFile; fileRef = 142943E8206DADF400678B28 /* AlertTableViewController.swift */; };
		142943F4206DADF400678B28 /* AppDelegate.swift in Sources */ = {isa = PBXBuildFile; fileRef = 142943E9206DADF400678B28 /* AppDelegate.swift */; };
		142943F5206DADF400678B28 /* Assets.xcassets in Resources */ = {isa = PBXBuildFile; fileRef = 142943EA206DADF400678B28 /* Assets.xcassets */; };
		142943F6206DADF400678B28 /* LaunchScreen.storyboard in Resources */ = {isa = PBXBuildFile; fileRef = 142943EB206DADF400678B28 /* LaunchScreen.storyboard */; };
		142943F7206DADF400678B28 /* Main.storyboard in Resources */ = {isa = PBXBuildFile; fileRef = 142943ED206DADF400678B28 /* Main.storyboard */; };
		14294402206DADFA00678B28 /* AppDelegate.swift in Sources */ = {isa = PBXBuildFile; fileRef = 142943FC206DADFA00678B28 /* AppDelegate.swift */; };
		14294403206DADFA00678B28 /* Assets.xcassets in Resources */ = {isa = PBXBuildFile; fileRef = 142943FD206DADFA00678B28 /* Assets.xcassets */; };
		14294407206DADFA00678B28 /* Main-TV.storyboard in Resources */ = {isa = PBXBuildFile; fileRef = 14294401206DADFA00678B28 /* Main-TV.storyboard */; };
		14294425206DAE0100678B28 /* FilterTableViewController.swift in Sources */ = {isa = PBXBuildFile; fileRef = 1429440A206DAE0100678B28 /* FilterTableViewController.swift */; };
		14294426206DAE0100678B28 /* FilterTableViewController.swift in Sources */ = {isa = PBXBuildFile; fileRef = 1429440A206DAE0100678B28 /* FilterTableViewController.swift */; };
		14294427206DAE0100678B28 /* MapFilter.swift in Sources */ = {isa = PBXBuildFile; fileRef = 1429440B206DAE0100678B28 /* MapFilter.swift */; };
		14294428206DAE0100678B28 /* MapFilter.swift in Sources */ = {isa = PBXBuildFile; fileRef = 1429440B206DAE0100678B28 /* MapFilter.swift */; };
		14294429206DAE0100678B28 /* MapViewController+Filter.swift in Sources */ = {isa = PBXBuildFile; fileRef = 1429440D206DAE0100678B28 /* MapViewController+Filter.swift */; };
		1429442A206DAE0100678B28 /* MapViewController+Filter.swift in Sources */ = {isa = PBXBuildFile; fileRef = 1429440D206DAE0100678B28 /* MapViewController+Filter.swift */; };
		1429442B206DAE0100678B28 /* MapViewController+MapView.swift in Sources */ = {isa = PBXBuildFile; fileRef = 1429440E206DAE0100678B28 /* MapViewController+MapView.swift */; };
		1429442C206DAE0100678B28 /* MapViewController+MapView.swift in Sources */ = {isa = PBXBuildFile; fileRef = 1429440E206DAE0100678B28 /* MapViewController+MapView.swift */; };
		1429442D206DAE0100678B28 /* MapViewController.swift in Sources */ = {isa = PBXBuildFile; fileRef = 1429440F206DAE0100678B28 /* MapViewController.swift */; };
		1429442E206DAE0100678B28 /* MapViewController.swift in Sources */ = {isa = PBXBuildFile; fileRef = 1429440F206DAE0100678B28 /* MapViewController.swift */; };
		1429442F206DAE0100678B28 /* VehiclePinView.swift in Sources */ = {isa = PBXBuildFile; fileRef = 14294410206DAE0100678B28 /* VehiclePinView.swift */; };
		14294430206DAE0100678B28 /* VehiclePinView.swift in Sources */ = {isa = PBXBuildFile; fileRef = 14294410206DAE0100678B28 /* VehiclePinView.swift */; };
		14294431206DAE0100678B28 /* VehiclePositionAnnotation.swift in Sources */ = {isa = PBXBuildFile; fileRef = 14294411206DAE0100678B28 /* VehiclePositionAnnotation.swift */; };
		14294432206DAE0100678B28 /* VehiclePositionAnnotation.swift in Sources */ = {isa = PBXBuildFile; fileRef = 14294411206DAE0100678B28 /* VehiclePositionAnnotation.swift */; };
		14294433206DAE0100678B28 /* MetraDownloadTask.swift in Sources */ = {isa = PBXBuildFile; fileRef = 14294413206DAE0100678B28 /* MetraDownloadTask.swift */; };
		14294434206DAE0100678B28 /* MetraDownloadTask.swift in Sources */ = {isa = PBXBuildFile; fileRef = 14294413206DAE0100678B28 /* MetraDownloadTask.swift */; };
		14294435206DAE0100678B28 /* MetraExtensions.swift in Sources */ = {isa = PBXBuildFile; fileRef = 14294414206DAE0100678B28 /* MetraExtensions.swift */; };
		14294436206DAE0100678B28 /* MetraExtensions.swift in Sources */ = {isa = PBXBuildFile; fileRef = 14294414206DAE0100678B28 /* MetraExtensions.swift */; };
		14294437206DAE0100678B28 /* Route.swift in Sources */ = {isa = PBXBuildFile; fileRef = 14294415206DAE0100678B28 /* Route.swift */; };
		14294438206DAE0100678B28 /* Route.swift in Sources */ = {isa = PBXBuildFile; fileRef = 14294415206DAE0100678B28 /* Route.swift */; };
		14294439206DAE0100678B28 /* Shape.swift in Sources */ = {isa = PBXBuildFile; fileRef = 14294416206DAE0100678B28 /* Shape.swift */; };
		1429443A206DAE0100678B28 /* Shape.swift in Sources */ = {isa = PBXBuildFile; fileRef = 14294416206DAE0100678B28 /* Shape.swift */; };
		1429443B206DAE0100678B28 /* System.swift in Sources */ = {isa = PBXBuildFile; fileRef = 14294417206DAE0100678B28 /* System.swift */; };
		1429443C206DAE0100678B28 /* System.swift in Sources */ = {isa = PBXBuildFile; fileRef = 14294417206DAE0100678B28 /* System.swift */; };
		1429443D206DAE0100678B28 /* agency.txt in Resources */ = {isa = PBXBuildFile; fileRef = 1429441A206DAE0100678B28 /* agency.txt */; };
		1429443E206DAE0100678B28 /* agency.txt in Resources */ = {isa = PBXBuildFile; fileRef = 1429441A206DAE0100678B28 /* agency.txt */; };
		1429443F206DAE0100678B28 /* calendar.txt in Resources */ = {isa = PBXBuildFile; fileRef = 1429441B206DAE0100678B28 /* calendar.txt */; };
		14294440206DAE0100678B28 /* calendar.txt in Resources */ = {isa = PBXBuildFile; fileRef = 1429441B206DAE0100678B28 /* calendar.txt */; };
		14294441206DAE0100678B28 /* calendar_dates.txt in Resources */ = {isa = PBXBuildFile; fileRef = 1429441C206DAE0100678B28 /* calendar_dates.txt */; };
		14294442206DAE0100678B28 /* calendar_dates.txt in Resources */ = {isa = PBXBuildFile; fileRef = 1429441C206DAE0100678B28 /* calendar_dates.txt */; };
		14294443206DAE0100678B28 /* fare_attributes.txt in Resources */ = {isa = PBXBuildFile; fileRef = 1429441D206DAE0100678B28 /* fare_attributes.txt */; };
		14294444206DAE0100678B28 /* fare_attributes.txt in Resources */ = {isa = PBXBuildFile; fileRef = 1429441D206DAE0100678B28 /* fare_attributes.txt */; };
		14294445206DAE0100678B28 /* fare_rules.txt in Resources */ = {isa = PBXBuildFile; fileRef = 1429441E206DAE0100678B28 /* fare_rules.txt */; };
		14294446206DAE0100678B28 /* fare_rules.txt in Resources */ = {isa = PBXBuildFile; fileRef = 1429441E206DAE0100678B28 /* fare_rules.txt */; };
		14294447206DAE0100678B28 /* routes.txt in Resources */ = {isa = PBXBuildFile; fileRef = 1429441F206DAE0100678B28 /* routes.txt */; };
		14294448206DAE0100678B28 /* routes.txt in Resources */ = {isa = PBXBuildFile; fileRef = 1429441F206DAE0100678B28 /* routes.txt */; };
		14294449206DAE0100678B28 /* shapes.txt in Resources */ = {isa = PBXBuildFile; fileRef = 14294420206DAE0100678B28 /* shapes.txt */; };
		1429444A206DAE0100678B28 /* shapes.txt in Resources */ = {isa = PBXBuildFile; fileRef = 14294420206DAE0100678B28 /* shapes.txt */; };
		1429444B206DAE0100678B28 /* stop_times.txt in Resources */ = {isa = PBXBuildFile; fileRef = 14294421206DAE0100678B28 /* stop_times.txt */; };
		1429444C206DAE0100678B28 /* stop_times.txt in Resources */ = {isa = PBXBuildFile; fileRef = 14294421206DAE0100678B28 /* stop_times.txt */; };
		1429444D206DAE0100678B28 /* stops.txt in Resources */ = {isa = PBXBuildFile; fileRef = 14294422206DAE0100678B28 /* stops.txt */; };
		1429444E206DAE0100678B28 /* stops.txt in Resources */ = {isa = PBXBuildFile; fileRef = 14294422206DAE0100678B28 /* stops.txt */; };
		1429444F206DAE0100678B28 /* trips.txt in Resources */ = {isa = PBXBuildFile; fileRef = 14294423206DAE0100678B28 /* trips.txt */; };
		14294450206DAE0100678B28 /* trips.txt in Resources */ = {isa = PBXBuildFile; fileRef = 14294423206DAE0100678B28 /* trips.txt */; };
		14294451206DAE0100678B28 /* SharedAssets.xcassets in Resources */ = {isa = PBXBuildFile; fileRef = 14294424206DAE0100678B28 /* SharedAssets.xcassets */; };
		14294452206DAE0100678B28 /* SharedAssets.xcassets in Resources */ = {isa = PBXBuildFile; fileRef = 14294424206DAE0100678B28 /* SharedAssets.xcassets */; };
		14294475206DAE1900678B28 /* fabric.apikey in Resources */ = {isa = PBXBuildFile; fileRef = 14294472206DAE1900678B28 /* fabric.apikey */; };
		14294476206DAE1900678B28 /* fabric.apikey in Resources */ = {isa = PBXBuildFile; fileRef = 14294472206DAE1900678B28 /* fabric.apikey */; };
		1434951C206DB0FF000488F8 /* TransitKit.framework in Embed Frameworks */ = {isa = PBXBuildFile; fileRef = 14294458206DAE0C00678B28 /* TransitKit.framework */; settings = {ATTRIBUTES = (CodeSignOnCopy, RemoveHeadersOnCopy, ); }; };
		14349522206DB107000488F8 /* CSV.framework in Embed Frameworks */ = {isa = PBXBuildFile; fileRef = 14294468206DAE1100678B28 /* CSV.framework */; settings = {ATTRIBUTES = (CodeSignOnCopy, RemoveHeadersOnCopy, ); }; };
		14349533206DB2A9000488F8 /* Crashlytics.framework in Frameworks */ = {isa = PBXBuildFile; fileRef = 14349531206DB2A9000488F8 /* Crashlytics.framework */; };
		14349534206DB2A9000488F8 /* Fabric.framework in Frameworks */ = {isa = PBXBuildFile; fileRef = 14349532206DB2A9000488F8 /* Fabric.framework */; };
		1434953E206DB751000488F8 /* Crashlytics.framework in Frameworks */ = {isa = PBXBuildFile; fileRef = 1434953C206DB750000488F8 /* Crashlytics.framework */; };
		1434953F206DB751000488F8 /* Fabric.framework in Frameworks */ = {isa = PBXBuildFile; fileRef = 1434953D206DB751000488F8 /* Fabric.framework */; };
		14349544206DB890000488F8 /* CSV.framework in Frameworks */ = {isa = PBXBuildFile; fileRef = 14294466206DAE1100678B28 /* CSV.framework */; };
		14349545206DB890000488F8 /* CSV.framework in Embed Frameworks */ = {isa = PBXBuildFile; fileRef = 14294466206DAE1100678B28 /* CSV.framework */; settings = {ATTRIBUTES = (CodeSignOnCopy, RemoveHeadersOnCopy, ); }; };
		14349549206DB894000488F8 /* TransitKit.framework in Frameworks */ = {isa = PBXBuildFile; fileRef = 14294458206DAE0C00678B28 /* TransitKit.framework */; };
		1434954A206DB894000488F8 /* TransitKit.framework in Embed Frameworks */ = {isa = PBXBuildFile; fileRef = 14294458206DAE0C00678B28 /* TransitKit.framework */; settings = {ATTRIBUTES = (CodeSignOnCopy, RemoveHeadersOnCopy, ); }; };
		14550E751F37B62B00872B7B /* SnapshotHelper.swift in Sources */ = {isa = PBXBuildFile; fileRef = 14550E741F37B62B00872B7B /* SnapshotHelper.swift */; };
		14F88BAE1F35C0C20009EC63 /* MetraScreenshots.swift in Sources */ = {isa = PBXBuildFile; fileRef = 14F88BAD1F35C0C20009EC63 /* MetraScreenshots.swift */; };
/* End PBXBuildFile section */

/* Begin PBXContainerItemProxy section */
		140AFBCF206DB03800A381B7 /* PBXContainerItemProxy */ = {
			isa = PBXContainerItemProxy;
			containerPortal = 14294453206DAE0C00678B28 /* TransitKit.xcodeproj */;
			proxyType = 1;
			remoteGlobalIDString = 14F88BE71F35C1410009EC63;
			remoteInfo = TransitKit;
		};
		140AFBD1206DB03B00A381B7 /* PBXContainerItemProxy */ = {
			isa = PBXContainerItemProxy;
			containerPortal = 14294459206DAE1100678B28 /* CSV.xcodeproj */;
			proxyType = 1;
			remoteGlobalIDString = 0E7E8CE71D0BCD0B0057A1C1;
			remoteInfo = "CSV-tvOS";
		};
		14294457206DAE0C00678B28 /* PBXContainerItemProxy */ = {
			isa = PBXContainerItemProxy;
			containerPortal = 14294453206DAE0C00678B28 /* TransitKit.xcodeproj */;
			proxyType = 2;
			remoteGlobalIDString = 14F88BE81F35C1410009EC63;
			remoteInfo = TransitKit;
		};
		14294463206DAE1100678B28 /* PBXContainerItemProxy */ = {
			isa = PBXContainerItemProxy;
			containerPortal = 14294459206DAE1100678B28 /* CSV.xcodeproj */;
			proxyType = 2;
			remoteGlobalIDString = 0E7E8CC61D0BCA2A0057A1C1;
			remoteInfo = "CSV-macOS";
		};
		14294465206DAE1100678B28 /* PBXContainerItemProxy */ = {
			isa = PBXContainerItemProxy;
			containerPortal = 14294459206DAE1100678B28 /* CSV.xcodeproj */;
			proxyType = 2;
			remoteGlobalIDString = 0E7E8C811D0BC7BB0057A1C1;
			remoteInfo = "CSV-iOS";
		};
		14294467206DAE1100678B28 /* PBXContainerItemProxy */ = {
			isa = PBXContainerItemProxy;
			containerPortal = 14294459206DAE1100678B28 /* CSV.xcodeproj */;
			proxyType = 2;
			remoteGlobalIDString = 0E7E8CE81D0BCD0B0057A1C1;
			remoteInfo = "CSV-tvOS";
		};
		14294469206DAE1100678B28 /* PBXContainerItemProxy */ = {
			isa = PBXContainerItemProxy;
			containerPortal = 14294459206DAE1100678B28 /* CSV.xcodeproj */;
			proxyType = 2;
			remoteGlobalIDString = 0E7E8CB51D0BC98B0057A1C1;
			remoteInfo = "CSV-watchOS";
		};
		1429446B206DAE1100678B28 /* PBXContainerItemProxy */ = {
			isa = PBXContainerItemProxy;
			containerPortal = 14294459206DAE1100678B28 /* CSV.xcodeproj */;
			proxyType = 2;
			remoteGlobalIDString = 0E7E8CCF1D0BCA2A0057A1C1;
			remoteInfo = "CSVTests-macOS";
		};
		1429446D206DAE1100678B28 /* PBXContainerItemProxy */ = {
			isa = PBXContainerItemProxy;
			containerPortal = 14294459206DAE1100678B28 /* CSV.xcodeproj */;
			proxyType = 2;
			remoteGlobalIDString = 0E7E8C8B1D0BC7BB0057A1C1;
			remoteInfo = "CSVTests-iOS";
		};
		1429446F206DAE1100678B28 /* PBXContainerItemProxy */ = {
			isa = PBXContainerItemProxy;
			containerPortal = 14294459206DAE1100678B28 /* CSV.xcodeproj */;
			proxyType = 2;
			remoteGlobalIDString = 0E7E8CF11D0BCD0B0057A1C1;
			remoteInfo = "CSVTests-tvOS";
		};
		14349540206DB886000488F8 /* PBXContainerItemProxy */ = {
			isa = PBXContainerItemProxy;
			containerPortal = 14294459206DAE1100678B28 /* CSV.xcodeproj */;
			proxyType = 1;
			remoteGlobalIDString = 0E7E8C801D0BC7BB0057A1C1;
			remoteInfo = "CSV-iOS";
		};
		14349542206DB889000488F8 /* PBXContainerItemProxy */ = {
			isa = PBXContainerItemProxy;
			containerPortal = 14294453206DAE0C00678B28 /* TransitKit.xcodeproj */;
			proxyType = 1;
			remoteGlobalIDString = 14F88BE71F35C1410009EC63;
			remoteInfo = TransitKit;
		};
		14349546206DB890000488F8 /* PBXContainerItemProxy */ = {
			isa = PBXContainerItemProxy;
			containerPortal = 14294459206DAE1100678B28 /* CSV.xcodeproj */;
			proxyType = 1;
			remoteGlobalIDString = 0E7E8C801D0BC7BB0057A1C1;
			remoteInfo = "CSV-iOS";
		};
		1434954B206DB894000488F8 /* PBXContainerItemProxy */ = {
			isa = PBXContainerItemProxy;
			containerPortal = 14294453206DAE0C00678B28 /* TransitKit.xcodeproj */;
			proxyType = 1;
			remoteGlobalIDString = 14F88BE71F35C1410009EC63;
			remoteInfo = TransitKit;
		};
		147DD640206DAD20008A88D9 /* PBXContainerItemProxy */ = {
			isa = PBXContainerItemProxy;
			containerPortal = 14F88B8A1F35C0B40009EC63 /* Project object */;
			proxyType = 1;
			remoteGlobalIDString = 14F88BCE1F35C1110009EC63;
			remoteInfo = "Metra (tvOS)";
		};
		14F88BB01F35C0C20009EC63 /* PBXContainerItemProxy */ = {
			isa = PBXContainerItemProxy;
			containerPortal = 14F88B8A1F35C0B40009EC63 /* Project object */;
			proxyType = 1;
			remoteGlobalIDString = 14F88B911F35C0B40009EC63;
			remoteInfo = Metra;
		};
/* End PBXContainerItemProxy section */

/* Begin PBXCopyFilesBuildPhase section */
		14349548206DB890000488F8 /* Embed Frameworks */ = {
			isa = PBXCopyFilesBuildPhase;
			buildActionMask = 2147483647;
			dstPath = "";
			dstSubfolderSpec = 10;
			files = (
				14349545206DB890000488F8 /* CSV.framework in Embed Frameworks */,
				1434954A206DB894000488F8 /* TransitKit.framework in Embed Frameworks */,
			);
			name = "Embed Frameworks";
			runOnlyForDeploymentPostprocessing = 0;
		};
		1498884D1F36DA9D006EDFDD /* Embed Frameworks */ = {
			isa = PBXCopyFilesBuildPhase;
			buildActionMask = 2147483647;
			dstPath = "";
			dstSubfolderSpec = 10;
			files = (
				14349522206DB107000488F8 /* CSV.framework in Embed Frameworks */,
				1434951C206DB0FF000488F8 /* TransitKit.framework in Embed Frameworks */,
			);
			name = "Embed Frameworks";
			runOnlyForDeploymentPostprocessing = 0;
		};
/* End PBXCopyFilesBuildPhase section */

/* Begin PBXFileReference section */
		142943E7206DADF400678B28 /* AlertTableViewCell.swift */ = {isa = PBXFileReference; fileEncoding = 4; lastKnownFileType = sourcecode.swift; path = AlertTableViewCell.swift; sourceTree = "<group>"; };
		142943E8206DADF400678B28 /* AlertTableViewController.swift */ = {isa = PBXFileReference; fileEncoding = 4; lastKnownFileType = sourcecode.swift; path = AlertTableViewController.swift; sourceTree = "<group>"; };
		142943E9206DADF400678B28 /* AppDelegate.swift */ = {isa = PBXFileReference; fileEncoding = 4; lastKnownFileType = sourcecode.swift; path = AppDelegate.swift; sourceTree = "<group>"; };
		142943EA206DADF400678B28 /* Assets.xcassets */ = {isa = PBXFileReference; lastKnownFileType = folder.assetcatalog; path = Assets.xcassets; sourceTree = "<group>"; };
		142943EC206DADF400678B28 /* Base */ = {isa = PBXFileReference; lastKnownFileType = file.storyboard; name = Base; path = Base.lproj/LaunchScreen.storyboard; sourceTree = "<group>"; };
		142943EE206DADF400678B28 /* Base */ = {isa = PBXFileReference; lastKnownFileType = file.storyboard; name = Base; path = Base.lproj/Main.storyboard; sourceTree = "<group>"; };
		142943F1206DADF400678B28 /* Info.plist */ = {isa = PBXFileReference; fileEncoding = 4; lastKnownFileType = text.plist.xml; path = Info.plist; sourceTree = "<group>"; };
		142943FC206DADFA00678B28 /* AppDelegate.swift */ = {isa = PBXFileReference; fileEncoding = 4; lastKnownFileType = sourcecode.swift; path = AppDelegate.swift; sourceTree = "<group>"; };
		142943FD206DADFA00678B28 /* Assets.xcassets */ = {isa = PBXFileReference; lastKnownFileType = folder.assetcatalog; path = Assets.xcassets; sourceTree = "<group>"; };
		14294400206DADFA00678B28 /* Info.plist */ = {isa = PBXFileReference; fileEncoding = 4; lastKnownFileType = text.plist.xml; path = Info.plist; sourceTree = "<group>"; };
		14294401206DADFA00678B28 /* Main-TV.storyboard */ = {isa = PBXFileReference; fileEncoding = 4; lastKnownFileType = file.storyboard; path = "Main-TV.storyboard"; sourceTree = "<group>"; };
		1429440A206DAE0100678B28 /* FilterTableViewController.swift */ = {isa = PBXFileReference; fileEncoding = 4; lastKnownFileType = sourcecode.swift; path = FilterTableViewController.swift; sourceTree = "<group>"; };
		1429440B206DAE0100678B28 /* MapFilter.swift */ = {isa = PBXFileReference; fileEncoding = 4; lastKnownFileType = sourcecode.swift; path = MapFilter.swift; sourceTree = "<group>"; };
		1429440D206DAE0100678B28 /* MapViewController+Filter.swift */ = {isa = PBXFileReference; fileEncoding = 4; lastKnownFileType = sourcecode.swift; path = "MapViewController+Filter.swift"; sourceTree = "<group>"; };
		1429440E206DAE0100678B28 /* MapViewController+MapView.swift */ = {isa = PBXFileReference; fileEncoding = 4; lastKnownFileType = sourcecode.swift; path = "MapViewController+MapView.swift"; sourceTree = "<group>"; };
		1429440F206DAE0100678B28 /* MapViewController.swift */ = {isa = PBXFileReference; fileEncoding = 4; lastKnownFileType = sourcecode.swift; path = MapViewController.swift; sourceTree = "<group>"; };
		14294410206DAE0100678B28 /* VehiclePinView.swift */ = {isa = PBXFileReference; fileEncoding = 4; lastKnownFileType = sourcecode.swift; path = VehiclePinView.swift; sourceTree = "<group>"; };
		14294411206DAE0100678B28 /* VehiclePositionAnnotation.swift */ = {isa = PBXFileReference; fileEncoding = 4; lastKnownFileType = sourcecode.swift; path = VehiclePositionAnnotation.swift; sourceTree = "<group>"; };
		14294413206DAE0100678B28 /* MetraDownloadTask.swift */ = {isa = PBXFileReference; fileEncoding = 4; lastKnownFileType = sourcecode.swift; path = MetraDownloadTask.swift; sourceTree = "<group>"; };
		14294414206DAE0100678B28 /* MetraExtensions.swift */ = {isa = PBXFileReference; fileEncoding = 4; lastKnownFileType = sourcecode.swift; path = MetraExtensions.swift; sourceTree = "<group>"; };
		14294415206DAE0100678B28 /* Route.swift */ = {isa = PBXFileReference; fileEncoding = 4; lastKnownFileType = sourcecode.swift; path = Route.swift; sourceTree = "<group>"; };
		14294416206DAE0100678B28 /* Shape.swift */ = {isa = PBXFileReference; fileEncoding = 4; lastKnownFileType = sourcecode.swift; path = Shape.swift; sourceTree = "<group>"; };
		14294417206DAE0100678B28 /* System.swift */ = {isa = PBXFileReference; fileEncoding = 4; lastKnownFileType = sourcecode.swift; path = System.swift; sourceTree = "<group>"; };
		1429441A206DAE0100678B28 /* agency.txt */ = {isa = PBXFileReference; fileEncoding = 4; lastKnownFileType = text; path = agency.txt; sourceTree = "<group>"; };
		1429441B206DAE0100678B28 /* calendar.txt */ = {isa = PBXFileReference; fileEncoding = 4; lastKnownFileType = text; path = calendar.txt; sourceTree = "<group>"; };
		1429441C206DAE0100678B28 /* calendar_dates.txt */ = {isa = PBXFileReference; fileEncoding = 4; lastKnownFileType = text; path = calendar_dates.txt; sourceTree = "<group>"; };
		1429441D206DAE0100678B28 /* fare_attributes.txt */ = {isa = PBXFileReference; fileEncoding = 4; lastKnownFileType = text; path = fare_attributes.txt; sourceTree = "<group>"; };
		1429441E206DAE0100678B28 /* fare_rules.txt */ = {isa = PBXFileReference; fileEncoding = 4; lastKnownFileType = text; path = fare_rules.txt; sourceTree = "<group>"; };
		1429441F206DAE0100678B28 /* routes.txt */ = {isa = PBXFileReference; fileEncoding = 4; lastKnownFileType = text; path = routes.txt; sourceTree = "<group>"; };
		14294420206DAE0100678B28 /* shapes.txt */ = {isa = PBXFileReference; fileEncoding = 4; lastKnownFileType = text; path = shapes.txt; sourceTree = "<group>"; };
		14294421206DAE0100678B28 /* stop_times.txt */ = {isa = PBXFileReference; fileEncoding = 4; lastKnownFileType = text; path = stop_times.txt; sourceTree = "<group>"; };
		14294422206DAE0100678B28 /* stops.txt */ = {isa = PBXFileReference; fileEncoding = 4; lastKnownFileType = text; path = stops.txt; sourceTree = "<group>"; };
		14294423206DAE0100678B28 /* trips.txt */ = {isa = PBXFileReference; fileEncoding = 4; lastKnownFileType = text; path = trips.txt; sourceTree = "<group>"; };
		14294424206DAE0100678B28 /* SharedAssets.xcassets */ = {isa = PBXFileReference; lastKnownFileType = folder.assetcatalog; path = SharedAssets.xcassets; sourceTree = "<group>"; };
		14294453206DAE0C00678B28 /* TransitKit.xcodeproj */ = {isa = PBXFileReference; lastKnownFileType = "wrapper.pb-project"; name = TransitKit.xcodeproj; path = ../../../TransitKit/TransitKit.xcodeproj; sourceTree = "<group>"; };
		14294459206DAE1100678B28 /* CSV.xcodeproj */ = {isa = PBXFileReference; lastKnownFileType = "wrapper.pb-project"; name = CSV.xcodeproj; path = ../../../External/CSV/CSV.xcodeproj; sourceTree = "<group>"; };
		14294471206DAE1800678B28 /* fabric.buildsecret */ = {isa = PBXFileReference; fileEncoding = 4; lastKnownFileType = text; path = fabric.buildsecret; sourceTree = SOURCE_ROOT; };
		14294472206DAE1900678B28 /* fabric.apikey */ = {isa = PBXFileReference; fileEncoding = 4; lastKnownFileType = text; path = fabric.apikey; sourceTree = SOURCE_ROOT; };
		14349531206DB2A9000488F8 /* Crashlytics.framework */ = {isa = PBXFileReference; lastKnownFileType = wrapper.framework; path = Crashlytics.framework; sourceTree = "<group>"; };
		14349532206DB2A9000488F8 /* Fabric.framework */ = {isa = PBXFileReference; lastKnownFileType = wrapper.framework; path = Fabric.framework; sourceTree = "<group>"; };
		1434953C206DB750000488F8 /* Crashlytics.framework */ = {isa = PBXFileReference; lastKnownFileType = wrapper.framework; path = Crashlytics.framework; sourceTree = "<group>"; };
		1434953D206DB751000488F8 /* Fabric.framework */ = {isa = PBXFileReference; lastKnownFileType = wrapper.framework; path = Fabric.framework; sourceTree = "<group>"; };
		14550E741F37B62B00872B7B /* SnapshotHelper.swift */ = {isa = PBXFileReference; fileEncoding = 4; lastKnownFileType = sourcecode.swift; path = SnapshotHelper.swift; sourceTree = "<group>"; };
		149778861F367CD8001B6A2D /* CSV.framework */ = {isa = PBXFileReference; lastKnownFileType = wrapper.framework; name = CSV.framework; path = "../3rd Party/CSV/build/Debug-iphoneos/CSV.framework"; sourceTree = "<group>"; };
		14D410161F37BAC9008FC59A /* Fastfile */ = {isa = PBXFileReference; fileEncoding = 4; lastKnownFileType = text; path = Fastfile; sourceTree = SOURCE_ROOT; };
		14D410171F37BAC9008FC59A /* Snapfile */ = {isa = PBXFileReference; fileEncoding = 4; lastKnownFileType = text; path = Snapfile; sourceTree = SOURCE_ROOT; };
		14D4103C1F37C498008FC59A /* Deliverfile */ = {isa = PBXFileReference; lastKnownFileType = text; path = Deliverfile; sourceTree = SOURCE_ROOT; };
		14F88B921F35C0B40009EC63 /* Metra.app */ = {isa = PBXFileReference; explicitFileType = wrapper.application; includeInIndex = 0; path = Metra.app; sourceTree = BUILT_PRODUCTS_DIR; };
		14F88BAB1F35C0C20009EC63 /* MetraScreenshots.xctest */ = {isa = PBXFileReference; explicitFileType = wrapper.cfbundle; includeInIndex = 0; path = MetraScreenshots.xctest; sourceTree = BUILT_PRODUCTS_DIR; };
		14F88BAD1F35C0C20009EC63 /* MetraScreenshots.swift */ = {isa = PBXFileReference; lastKnownFileType = sourcecode.swift; path = MetraScreenshots.swift; sourceTree = "<group>"; };
		14F88BAF1F35C0C20009EC63 /* Info.plist */ = {isa = PBXFileReference; lastKnownFileType = text.plist.xml; path = Info.plist; sourceTree = "<group>"; };
		14F88BCF1F35C1110009EC63 /* Metra.app */ = {isa = PBXFileReference; explicitFileType = wrapper.application; includeInIndex = 0; path = Metra.app; sourceTree = BUILT_PRODUCTS_DIR; };
/* End PBXFileReference section */

/* Begin PBXFrameworksBuildPhase section */
		14F88B8F1F35C0B40009EC63 /* Frameworks */ = {
			isa = PBXFrameworksBuildPhase;
			buildActionMask = 2147483647;
			files = (
				14349544206DB890000488F8 /* CSV.framework in Frameworks */,
				14349549206DB894000488F8 /* TransitKit.framework in Frameworks */,
				1434953E206DB751000488F8 /* Crashlytics.framework in Frameworks */,
				1434953F206DB751000488F8 /* Fabric.framework in Frameworks */,
			);
			runOnlyForDeploymentPostprocessing = 0;
		};
		14F88BA81F35C0C20009EC63 /* Frameworks */ = {
			isa = PBXFrameworksBuildPhase;
			buildActionMask = 2147483647;
			files = (
			);
			runOnlyForDeploymentPostprocessing = 0;
		};
		14F88BCC1F35C1110009EC63 /* Frameworks */ = {
			isa = PBXFrameworksBuildPhase;
			buildActionMask = 2147483647;
			files = (
				14349533206DB2A9000488F8 /* Crashlytics.framework in Frameworks */,
				14349534206DB2A9000488F8 /* Fabric.framework in Frameworks */,
			);
			runOnlyForDeploymentPostprocessing = 0;
		};
/* End PBXFrameworksBuildPhase section */

/* Begin PBXGroup section */
		142943E6206DADF400678B28 /* Metra (iOS) */ = {
			isa = PBXGroup;
			children = (
				142943E9206DADF400678B28 /* AppDelegate.swift */,
				142943E7206DADF400678B28 /* AlertTableViewCell.swift */,
				142943E8206DADF400678B28 /* AlertTableViewController.swift */,
				142943EA206DADF400678B28 /* Assets.xcassets */,
				142943EB206DADF400678B28 /* LaunchScreen.storyboard */,
				142943ED206DADF400678B28 /* Main.storyboard */,
				142943F1206DADF400678B28 /* Info.plist */,
				1434953C206DB750000488F8 /* Crashlytics.framework */,
				1434953D206DB751000488F8 /* Fabric.framework */,
			);
			path = "Metra (iOS)";
			sourceTree = "<group>";
		};
		142943FB206DADFA00678B28 /* Metra (tvOS) */ = {
			isa = PBXGroup;
			children = (
				142943FC206DADFA00678B28 /* AppDelegate.swift */,
				142943FD206DADFA00678B28 /* Assets.xcassets */,
				14294400206DADFA00678B28 /* Info.plist */,
				14294401206DADFA00678B28 /* Main-TV.storyboard */,
				14349531206DB2A9000488F8 /* Crashlytics.framework */,
				14349532206DB2A9000488F8 /* Fabric.framework */,
			);
			path = "Metra (tvOS)";
			sourceTree = "<group>";
		};
		14294408206DAE0100678B28 /* Shared */ = {
			isa = PBXGroup;
			children = (
				14294409206DAE0100678B28 /* Filtering */,
				1429440C206DAE0100678B28 /* Map View */,
				14294412206DAE0100678B28 /* Model */,
				14294418206DAE0100678B28 /* Resources */,
			);
			path = Shared;
			sourceTree = "<group>";
		};
		14294409206DAE0100678B28 /* Filtering */ = {
			isa = PBXGroup;
			children = (
				1429440A206DAE0100678B28 /* FilterTableViewController.swift */,
				1429440B206DAE0100678B28 /* MapFilter.swift */,
			);
			path = Filtering;
			sourceTree = "<group>";
		};
		1429440C206DAE0100678B28 /* Map View */ = {
			isa = PBXGroup;
			children = (
				1429440D206DAE0100678B28 /* MapViewController+Filter.swift */,
				1429440E206DAE0100678B28 /* MapViewController+MapView.swift */,
				1429440F206DAE0100678B28 /* MapViewController.swift */,
				14294410206DAE0100678B28 /* VehiclePinView.swift */,
				14294411206DAE0100678B28 /* VehiclePositionAnnotation.swift */,
			);
			path = "Map View";
			sourceTree = "<group>";
		};
		14294412206DAE0100678B28 /* Model */ = {
			isa = PBXGroup;
			children = (
				14294413206DAE0100678B28 /* MetraDownloadTask.swift */,
				14294414206DAE0100678B28 /* MetraExtensions.swift */,
				14294415206DAE0100678B28 /* Route.swift */,
				14294416206DAE0100678B28 /* Shape.swift */,
				14294417206DAE0100678B28 /* System.swift */,
			);
			path = Model;
			sourceTree = "<group>";
		};
		14294418206DAE0100678B28 /* Resources */ = {
			isa = PBXGroup;
			children = (
				14294472206DAE1900678B28 /* fabric.apikey */,
				14294471206DAE1800678B28 /* fabric.buildsecret */,
				14294459206DAE1100678B28 /* CSV.xcodeproj */,
				14294453206DAE0C00678B28 /* TransitKit.xcodeproj */,
				14294419206DAE0100678B28 /* GTFS */,
				14294424206DAE0100678B28 /* SharedAssets.xcassets */,
			);
			path = Resources;
			sourceTree = "<group>";
		};
		14294419206DAE0100678B28 /* GTFS */ = {
			isa = PBXGroup;
			children = (
				1429441A206DAE0100678B28 /* agency.txt */,
				1429441B206DAE0100678B28 /* calendar.txt */,
				1429441C206DAE0100678B28 /* calendar_dates.txt */,
				1429441D206DAE0100678B28 /* fare_attributes.txt */,
				1429441E206DAE0100678B28 /* fare_rules.txt */,
				1429441F206DAE0100678B28 /* routes.txt */,
				14294420206DAE0100678B28 /* shapes.txt */,
				14294421206DAE0100678B28 /* stop_times.txt */,
				14294422206DAE0100678B28 /* stops.txt */,
				14294423206DAE0100678B28 /* trips.txt */,
			);
			path = GTFS;
			sourceTree = "<group>";
		};
		14294454206DAE0C00678B28 /* Products */ = {
			isa = PBXGroup;
			children = (
				14294458206DAE0C00678B28 /* TransitKit.framework */,
			);
			name = Products;
			sourceTree = "<group>";
		};
		1429445A206DAE1100678B28 /* Products */ = {
			isa = PBXGroup;
			children = (
				14294464206DAE1100678B28 /* CSV.framework */,
				14294466206DAE1100678B28 /* CSV.framework */,
				14294468206DAE1100678B28 /* CSV.framework */,
				1429446A206DAE1100678B28 /* CSV.framework */,
				1429446C206DAE1100678B28 /* CSVTests-macOS.xctest */,
				1429446E206DAE1100678B28 /* CSVTests-iOS.xctest */,
				14294470206DAE1100678B28 /* CSVTests-tvOS.xctest */,
			);
			name = Products;
			sourceTree = "<group>";
		};
		149778851F367CD8001B6A2D /* Frameworks */ = {
			isa = PBXGroup;
			children = (
				149778861F367CD8001B6A2D /* CSV.framework */,
			);
			name = Frameworks;
			sourceTree = "<group>";
		};
		14F88B891F35C0B40009EC63 = {
			isa = PBXGroup;
			children = (
				14294408206DAE0100678B28 /* Shared */,
				142943E6206DADF400678B28 /* Metra (iOS) */,
				142943FB206DADFA00678B28 /* Metra (tvOS) */,
				14F88BAC1F35C0C20009EC63 /* MetraScreenshots */,
				14F88B931F35C0B40009EC63 /* Products */,
				149778851F367CD8001B6A2D /* Frameworks */,
			);
			sourceTree = "<group>";
		};
		14F88B931F35C0B40009EC63 /* Products */ = {
			isa = PBXGroup;
			children = (
				14F88B921F35C0B40009EC63 /* Metra.app */,
				14F88BAB1F35C0C20009EC63 /* MetraScreenshots.xctest */,
				14F88BCF1F35C1110009EC63 /* Metra.app */,
			);
			name = Products;
			sourceTree = "<group>";
		};
		14F88BAC1F35C0C20009EC63 /* MetraScreenshots */ = {
			isa = PBXGroup;
			children = (
				14D4103C1F37C498008FC59A /* Deliverfile */,
				14D410161F37BAC9008FC59A /* Fastfile */,
				14D410171F37BAC9008FC59A /* Snapfile */,
				14550E741F37B62B00872B7B /* SnapshotHelper.swift */,
				14F88BAD1F35C0C20009EC63 /* MetraScreenshots.swift */,
				14F88BAF1F35C0C20009EC63 /* Info.plist */,
			);
			path = MetraScreenshots;
			sourceTree = "<group>";
		};
/* End PBXGroup section */

/* Begin PBXNativeTarget section */
		14F88B911F35C0B40009EC63 /* Metra (iOS) */ = {
			isa = PBXNativeTarget;
			buildConfigurationList = 14F88BA41F35C0B50009EC63 /* Build configuration list for PBXNativeTarget "Metra (iOS)" */;
			buildPhases = (
				14F88B8E1F35C0B40009EC63 /* Sources */,
				14F88B8F1F35C0B40009EC63 /* Frameworks */,
				14F88B901F35C0B40009EC63 /* Resources */,
				1405C82A1F37E60D0066B232 /* Swiftlint */,
				1483468D1F36E94700AFF585 /* Fabric */,
				14349548206DB890000488F8 /* Embed Frameworks */,
			);
			buildRules = (
			);
			dependencies = (
				14349543206DB889000488F8 /* PBXTargetDependency */,
				14349541206DB886000488F8 /* PBXTargetDependency */,
				14349547206DB890000488F8 /* PBXTargetDependency */,
				1434954C206DB894000488F8 /* PBXTargetDependency */,
			);
			name = "Metra (iOS)";
			productName = Metra;
			productReference = 14F88B921F35C0B40009EC63 /* Metra.app */;
			productType = "com.apple.product-type.application";
		};
		14F88BAA1F35C0C20009EC63 /* MetraScreenshots */ = {
			isa = PBXNativeTarget;
			buildConfigurationList = 14F88BB21F35C0C20009EC63 /* Build configuration list for PBXNativeTarget "MetraScreenshots" */;
			buildPhases = (
				14F88BA71F35C0C20009EC63 /* Sources */,
				14F88BA81F35C0C20009EC63 /* Frameworks */,
				14F88BA91F35C0C20009EC63 /* Resources */,
			);
			buildRules = (
			);
			dependencies = (
				14F88BB11F35C0C20009EC63 /* PBXTargetDependency */,
				147DD641206DAD20008A88D9 /* PBXTargetDependency */,
			);
			name = MetraScreenshots;
			productName = MetraScreenshots;
			productReference = 14F88BAB1F35C0C20009EC63 /* MetraScreenshots.xctest */;
			productType = "com.apple.product-type.bundle.ui-testing";
		};
		14F88BCE1F35C1110009EC63 /* Metra (tvOS) */ = {
			isa = PBXNativeTarget;
			buildConfigurationList = 14F88BDB1F35C1120009EC63 /* Build configuration list for PBXNativeTarget "Metra (tvOS)" */;
			buildPhases = (
				14F88BCB1F35C1110009EC63 /* Sources */,
				14F88BCC1F35C1110009EC63 /* Frameworks */,
				14F88BCD1F35C1110009EC63 /* Resources */,
				1498884D1F36DA9D006EDFDD /* Embed Frameworks */,
				14CF3057206D983000CDD530 /* Swiftlint */,
				14CF3058206D983200CDD530 /* Fabric */,
			);
			buildRules = (
			);
			dependencies = (
				140AFBD2206DB03B00A381B7 /* PBXTargetDependency */,
				140AFBD0206DB03800A381B7 /* PBXTargetDependency */,
			);
			name = "Metra (tvOS)";
			productName = "Metra (tvOS)";
			productReference = 14F88BCF1F35C1110009EC63 /* Metra.app */;
			productType = "com.apple.product-type.application";
		};
/* End PBXNativeTarget section */

/* Begin PBXProject section */
		14F88B8A1F35C0B40009EC63 /* Project object */ = {
			isa = PBXProject;
			attributes = {
				LastSwiftUpdateCheck = 0830;
				LastUpgradeCheck = 1000;
				ORGANIZATIONNAME = "Andrew Finke";
				TargetAttributes = {
					14F88B911F35C0B40009EC63 = {
						CreatedOnToolsVersion = 8.3.3;
						DevelopmentTeam = 72S993BNAV;
						LastSwiftMigration = 0920;
						ProvisioningStyle = Automatic;
					};
					14F88BAA1F35C0C20009EC63 = {
						CreatedOnToolsVersion = 8.3.3;
						DevelopmentTeam = 72S993BNAV;
						LastSwiftMigration = 0920;
						ProvisioningStyle = Automatic;
						TestTargetID = 14F88B911F35C0B40009EC63;
					};
					14F88BCE1F35C1110009EC63 = {
						CreatedOnToolsVersion = 8.3.3;
						DevelopmentTeam = 72S993BNAV;
						LastSwiftMigration = 0920;
						ProvisioningStyle = Automatic;
					};
				};
			};
			buildConfigurationList = 14F88B8D1F35C0B40009EC63 /* Build configuration list for PBXProject "Metra" */;
			compatibilityVersion = "Xcode 3.2";
			developmentRegion = English;
			hasScannedForEncodings = 0;
			knownRegions = (
				en,
				Base,
			);
			mainGroup = 14F88B891F35C0B40009EC63;
			productRefGroup = 14F88B931F35C0B40009EC63 /* Products */;
			projectDirPath = "";
			projectReferences = (
				{
					ProductGroup = 1429445A206DAE1100678B28 /* Products */;
					ProjectRef = 14294459206DAE1100678B28 /* CSV.xcodeproj */;
				},
				{
					ProductGroup = 14294454206DAE0C00678B28 /* Products */;
					ProjectRef = 14294453206DAE0C00678B28 /* TransitKit.xcodeproj */;
				},
			);
			projectRoot = "";
			targets = (
				14F88B911F35C0B40009EC63 /* Metra (iOS) */,
				14F88BCE1F35C1110009EC63 /* Metra (tvOS) */,
				14F88BAA1F35C0C20009EC63 /* MetraScreenshots */,
			);
		};
/* End PBXProject section */

/* Begin PBXReferenceProxy section */
		14294458206DAE0C00678B28 /* TransitKit.framework */ = {
			isa = PBXReferenceProxy;
			fileType = wrapper.framework;
			path = TransitKit.framework;
			remoteRef = 14294457206DAE0C00678B28 /* PBXContainerItemProxy */;
			sourceTree = BUILT_PRODUCTS_DIR;
		};
		14294464206DAE1100678B28 /* CSV.framework */ = {
			isa = PBXReferenceProxy;
			fileType = wrapper.framework;
			path = CSV.framework;
			remoteRef = 14294463206DAE1100678B28 /* PBXContainerItemProxy */;
			sourceTree = BUILT_PRODUCTS_DIR;
		};
		14294466206DAE1100678B28 /* CSV.framework */ = {
			isa = PBXReferenceProxy;
			fileType = wrapper.framework;
			path = CSV.framework;
			remoteRef = 14294465206DAE1100678B28 /* PBXContainerItemProxy */;
			sourceTree = BUILT_PRODUCTS_DIR;
		};
		14294468206DAE1100678B28 /* CSV.framework */ = {
			isa = PBXReferenceProxy;
			fileType = wrapper.framework;
			path = CSV.framework;
			remoteRef = 14294467206DAE1100678B28 /* PBXContainerItemProxy */;
			sourceTree = BUILT_PRODUCTS_DIR;
		};
		1429446A206DAE1100678B28 /* CSV.framework */ = {
			isa = PBXReferenceProxy;
			fileType = wrapper.framework;
			path = CSV.framework;
			remoteRef = 14294469206DAE1100678B28 /* PBXContainerItemProxy */;
			sourceTree = BUILT_PRODUCTS_DIR;
		};
		1429446C206DAE1100678B28 /* CSVTests-macOS.xctest */ = {
			isa = PBXReferenceProxy;
			fileType = wrapper.cfbundle;
			path = "CSVTests-macOS.xctest";
			remoteRef = 1429446B206DAE1100678B28 /* PBXContainerItemProxy */;
			sourceTree = BUILT_PRODUCTS_DIR;
		};
		1429446E206DAE1100678B28 /* CSVTests-iOS.xctest */ = {
			isa = PBXReferenceProxy;
			fileType = wrapper.cfbundle;
			path = "CSVTests-iOS.xctest";
			remoteRef = 1429446D206DAE1100678B28 /* PBXContainerItemProxy */;
			sourceTree = BUILT_PRODUCTS_DIR;
		};
		14294470206DAE1100678B28 /* CSVTests-tvOS.xctest */ = {
			isa = PBXReferenceProxy;
			fileType = wrapper.cfbundle;
			path = "CSVTests-tvOS.xctest";
			remoteRef = 1429446F206DAE1100678B28 /* PBXContainerItemProxy */;
			sourceTree = BUILT_PRODUCTS_DIR;
		};
/* End PBXReferenceProxy section */

/* Begin PBXResourcesBuildPhase section */
		14F88B901F35C0B40009EC63 /* Resources */ = {
			isa = PBXResourcesBuildPhase;
			buildActionMask = 2147483647;
			files = (
				14294475206DAE1900678B28 /* fabric.apikey in Resources */,
				14294451206DAE0100678B28 /* SharedAssets.xcassets in Resources */,
				14294447206DAE0100678B28 /* routes.txt in Resources */,
				1429443F206DAE0100678B28 /* calendar.txt in Resources */,
				1429443D206DAE0100678B28 /* agency.txt in Resources */,
				142943F7206DADF400678B28 /* Main.storyboard in Resources */,
				1429444F206DAE0100678B28 /* trips.txt in Resources */,
				142943F5206DADF400678B28 /* Assets.xcassets in Resources */,
				14294443206DAE0100678B28 /* fare_attributes.txt in Resources */,
				14294445206DAE0100678B28 /* fare_rules.txt in Resources */,
				14294449206DAE0100678B28 /* shapes.txt in Resources */,
				142943F6206DADF400678B28 /* LaunchScreen.storyboard in Resources */,
				1429444D206DAE0100678B28 /* stops.txt in Resources */,
				14294441206DAE0100678B28 /* calendar_dates.txt in Resources */,
				1429444B206DAE0100678B28 /* stop_times.txt in Resources */,
			);
			runOnlyForDeploymentPostprocessing = 0;
		};
		14F88BA91F35C0C20009EC63 /* Resources */ = {
			isa = PBXResourcesBuildPhase;
			buildActionMask = 2147483647;
			files = (
			);
			runOnlyForDeploymentPostprocessing = 0;
		};
		14F88BCD1F35C1110009EC63 /* Resources */ = {
			isa = PBXResourcesBuildPhase;
			buildActionMask = 2147483647;
			files = (
				1429444A206DAE0100678B28 /* shapes.txt in Resources */,
				14294440206DAE0100678B28 /* calendar.txt in Resources */,
				14294444206DAE0100678B28 /* fare_attributes.txt in Resources */,
				1429444E206DAE0100678B28 /* stops.txt in Resources */,
				14294476206DAE1900678B28 /* fabric.apikey in Resources */,
				1429444C206DAE0100678B28 /* stop_times.txt in Resources */,
				14294403206DADFA00678B28 /* Assets.xcassets in Resources */,
				14294446206DAE0100678B28 /* fare_rules.txt in Resources */,
				14294450206DAE0100678B28 /* trips.txt in Resources */,
				14294407206DADFA00678B28 /* Main-TV.storyboard in Resources */,
				14294442206DAE0100678B28 /* calendar_dates.txt in Resources */,
				14294452206DAE0100678B28 /* SharedAssets.xcassets in Resources */,
				1429443E206DAE0100678B28 /* agency.txt in Resources */,
				14294448206DAE0100678B28 /* routes.txt in Resources */,
			);
			runOnlyForDeploymentPostprocessing = 0;
		};
/* End PBXResourcesBuildPhase section */

/* Begin PBXShellScriptBuildPhase section */
		1405C82A1F37E60D0066B232 /* Swiftlint */ = {
			isa = PBXShellScriptBuildPhase;
			buildActionMask = 2147483647;
			files = (
			);
			inputPaths = (
			);
			name = Swiftlint;
			outputPaths = (
			);
			runOnlyForDeploymentPostprocessing = 0;
			shellPath = /bin/sh;
			shellScript = "if which swiftlint >/dev/null; then\nswiftlint\nelse\necho \"warning: SwiftLint not installed, download from https://github.com/realm/SwiftLint\"\nfi";
		};
		1483468D1F36E94700AFF585 /* Fabric */ = {
			isa = PBXShellScriptBuildPhase;
			buildActionMask = 2147483647;
			files = (
			);
			inputPaths = (
			);
			name = Fabric;
			outputPaths = (
			);
			runOnlyForDeploymentPostprocessing = 0;
			shellPath = /bin/sh;
			shellScript = "FABRIC_APIKEY_FILE=\"${SRCROOT}/fabric.apikey\"\nFABRIC_BUILDSECRET_FILE=\"${SRCROOT}/fabric.buildsecret\"\n\nif test ! -f \"$FABRIC_APIKEY_FILE\" -o ! -f \"$FABRIC_BUILDSECRET_FILE\"; then\necho \"This build wants to upload dSYM files to Crashlytics.\"\necho \"Uploading is possible only if a Fabric API key and a Fabric build secret are\"\necho \"available. This build is failing because at least one of these pieces of\"\necho \"information is missing.\"\necho \"\"\necho \"To fix the problem, create the following files and store the API key and\"\necho \"build secret, respectively, within those files:\"\necho \"\"\necho \"  $FABRIC_APIKEY_FILE\"\necho \"  $FABRIC_BUILDSECRET_FILE\"\necho \"\"\necho \"If you forked the project then you must register with Crashlytics and\"\necho \"get your own API key and build secret.\"\n\n# Let the build fail\nexit 1\nfi\n\nFABRIC_APIKEY=$(cat \"$FABRIC_APIKEY_FILE\")\nif test $? -ne 0; then\necho \"Cannot read $FABRIC_APIKEY_FILE\"\nexit 1\nfi\n\nFABRIC_BUILDSECRET=$(cat \"$FABRIC_BUILDSECRET_FILE\")\nif test $? -ne 0; then\necho \"Cannot read $FABRIC_BUILDSECRET_FILE\"\nexit 1\nfi\n\necho \"Uploading dSYM files to Crashlytics\"\n\"./Metra (iOS)/Fabric.framework/run\" \"$FABRIC_APIKEY\" \"$FABRIC_BUILDSECRET\"";
		};
		14CF3057206D983000CDD530 /* Swiftlint */ = {
			isa = PBXShellScriptBuildPhase;
			buildActionMask = 2147483647;
			files = (
			);
			inputPaths = (
			);
			name = Swiftlint;
			outputPaths = (
			);
			runOnlyForDeploymentPostprocessing = 0;
			shellPath = /bin/sh;
			shellScript = "if which swiftlint >/dev/null; then\nswiftlint\nelse\necho \"warning: SwiftLint not installed, download from https://github.com/realm/SwiftLint\"\nfi";
		};
		14CF3058206D983200CDD530 /* Fabric */ = {
			isa = PBXShellScriptBuildPhase;
			buildActionMask = 2147483647;
			files = (
			);
			inputPaths = (
			);
			name = Fabric;
			outputPaths = (
			);
			runOnlyForDeploymentPostprocessing = 0;
			shellPath = /bin/sh;
			shellScript = "FABRIC_APIKEY_FILE=\"${SRCROOT}/fabric.apikey\"\nFABRIC_BUILDSECRET_FILE=\"${SRCROOT}/fabric.buildsecret\"\n\nif test ! -f \"$FABRIC_APIKEY_FILE\" -o ! -f \"$FABRIC_BUILDSECRET_FILE\"; then\necho \"This build wants to upload dSYM files to Crashlytics.\"\necho \"Uploading is possible only if a Fabric API key and a Fabric build secret are\"\necho \"available. This build is failing because at least one of these pieces of\"\necho \"information is missing.\"\necho \"\"\necho \"To fix the problem, create the following files and store the API key and\"\necho \"build secret, respectively, within those files:\"\necho \"\"\necho \"  $FABRIC_APIKEY_FILE\"\necho \"  $FABRIC_BUILDSECRET_FILE\"\necho \"\"\necho \"If you forked the project then you must register with Crashlytics and\"\necho \"get your own API key and build secret.\"\n\n# Let the build fail\nexit 1\nfi\n\nFABRIC_APIKEY=$(cat \"$FABRIC_APIKEY_FILE\")\nif test $? -ne 0; then\necho \"Cannot read $FABRIC_APIKEY_FILE\"\nexit 1\nfi\n\nFABRIC_BUILDSECRET=$(cat \"$FABRIC_BUILDSECRET_FILE\")\nif test $? -ne 0; then\necho \"Cannot read $FABRIC_BUILDSECRET_FILE\"\nexit 1\nfi\n\necho \"Uploading dSYM files to Crashlytics\"\n\"./Metra (tvOS)/Fabric.framework/run\" \"$FABRIC_APIKEY\" \"$FABRIC_BUILDSECRET\"";
		};
/* End PBXShellScriptBuildPhase section */

/* Begin PBXSourcesBuildPhase section */
		14F88B8E1F35C0B40009EC63 /* Sources */ = {
			isa = PBXSourcesBuildPhase;
			buildActionMask = 2147483647;
			files = (
				14294427206DAE0100678B28 /* MapFilter.swift in Sources */,
				14294435206DAE0100678B28 /* MetraExtensions.swift in Sources */,
				142943F4206DADF400678B28 /* AppDelegate.swift in Sources */,
				14294439206DAE0100678B28 /* Shape.swift in Sources */,
				142943F3206DADF400678B28 /* AlertTableViewController.swift in Sources */,
				14294437206DAE0100678B28 /* Route.swift in Sources */,
				1429442F206DAE0100678B28 /* VehiclePinView.swift in Sources */,
				142943F2206DADF400678B28 /* AlertTableViewCell.swift in Sources */,
				1429442B206DAE0100678B28 /* MapViewController+MapView.swift in Sources */,
				14294431206DAE0100678B28 /* VehiclePositionAnnotation.swift in Sources */,
				1429443B206DAE0100678B28 /* System.swift in Sources */,
				14294425206DAE0100678B28 /* FilterTableViewController.swift in Sources */,
				14294429206DAE0100678B28 /* MapViewController+Filter.swift in Sources */,
				1429442D206DAE0100678B28 /* MapViewController.swift in Sources */,
				14294433206DAE0100678B28 /* MetraDownloadTask.swift in Sources */,
			);
			runOnlyForDeploymentPostprocessing = 0;
		};
		14F88BA71F35C0C20009EC63 /* Sources */ = {
			isa = PBXSourcesBuildPhase;
			buildActionMask = 2147483647;
			files = (
				14F88BAE1F35C0C20009EC63 /* MetraScreenshots.swift in Sources */,
				14550E751F37B62B00872B7B /* SnapshotHelper.swift in Sources */,
			);
			runOnlyForDeploymentPostprocessing = 0;
		};
		14F88BCB1F35C1110009EC63 /* Sources */ = {
			isa = PBXSourcesBuildPhase;
			buildActionMask = 2147483647;
			files = (
				14294402206DADFA00678B28 /* AppDelegate.swift in Sources */,
				1429442E206DAE0100678B28 /* MapViewController.swift in Sources */,
				1429443C206DAE0100678B28 /* System.swift in Sources */,
				14294438206DAE0100678B28 /* Route.swift in Sources */,
				14294432206DAE0100678B28 /* VehiclePositionAnnotation.swift in Sources */,
				14294428206DAE0100678B28 /* MapFilter.swift in Sources */,
				1429442C206DAE0100678B28 /* MapViewController+MapView.swift in Sources */,
				14294436206DAE0100678B28 /* MetraExtensions.swift in Sources */,
				1429443A206DAE0100678B28 /* Shape.swift in Sources */,
				14294426206DAE0100678B28 /* FilterTableViewController.swift in Sources */,
				14294434206DAE0100678B28 /* MetraDownloadTask.swift in Sources */,
				1429442A206DAE0100678B28 /* MapViewController+Filter.swift in Sources */,
				14294430206DAE0100678B28 /* VehiclePinView.swift in Sources */,
			);
			runOnlyForDeploymentPostprocessing = 0;
		};
/* End PBXSourcesBuildPhase section */

/* Begin PBXTargetDependency section */
		140AFBD0206DB03800A381B7 /* PBXTargetDependency */ = {
			isa = PBXTargetDependency;
			name = TransitKit;
			targetProxy = 140AFBCF206DB03800A381B7 /* PBXContainerItemProxy */;
		};
		140AFBD2206DB03B00A381B7 /* PBXTargetDependency */ = {
			isa = PBXTargetDependency;
			name = "CSV-tvOS";
			targetProxy = 140AFBD1206DB03B00A381B7 /* PBXContainerItemProxy */;
		};
		14349541206DB886000488F8 /* PBXTargetDependency */ = {
			isa = PBXTargetDependency;
			name = "CSV-iOS";
			targetProxy = 14349540206DB886000488F8 /* PBXContainerItemProxy */;
		};
		14349543206DB889000488F8 /* PBXTargetDependency */ = {
			isa = PBXTargetDependency;
			name = TransitKit;
			targetProxy = 14349542206DB889000488F8 /* PBXContainerItemProxy */;
		};
		14349547206DB890000488F8 /* PBXTargetDependency */ = {
			isa = PBXTargetDependency;
			name = "CSV-iOS";
			targetProxy = 14349546206DB890000488F8 /* PBXContainerItemProxy */;
		};
		1434954C206DB894000488F8 /* PBXTargetDependency */ = {
			isa = PBXTargetDependency;
			name = TransitKit;
			targetProxy = 1434954B206DB894000488F8 /* PBXContainerItemProxy */;
		};
		147DD641206DAD20008A88D9 /* PBXTargetDependency */ = {
			isa = PBXTargetDependency;
			target = 14F88BCE1F35C1110009EC63 /* Metra (tvOS) */;
			targetProxy = 147DD640206DAD20008A88D9 /* PBXContainerItemProxy */;
		};
		14F88BB11F35C0C20009EC63 /* PBXTargetDependency */ = {
			isa = PBXTargetDependency;
			target = 14F88B911F35C0B40009EC63 /* Metra (iOS) */;
			targetProxy = 14F88BB01F35C0C20009EC63 /* PBXContainerItemProxy */;
		};
/* End PBXTargetDependency section */

/* Begin PBXVariantGroup section */
		142943EB206DADF400678B28 /* LaunchScreen.storyboard */ = {
			isa = PBXVariantGroup;
			children = (
				142943EC206DADF400678B28 /* Base */,
			);
			name = LaunchScreen.storyboard;
			sourceTree = "<group>";
		};
		142943ED206DADF400678B28 /* Main.storyboard */ = {
			isa = PBXVariantGroup;
			children = (
				142943EE206DADF400678B28 /* Base */,
			);
			name = Main.storyboard;
			sourceTree = "<group>";
		};
/* End PBXVariantGroup section */

/* Begin XCBuildConfiguration section */
		14F88BA21F35C0B50009EC63 /* Debug */ = {
			isa = XCBuildConfiguration;
			buildSettings = {
				ALWAYS_SEARCH_USER_PATHS = NO;
				CLANG_ANALYZER_NONNULL = YES;
				CLANG_ANALYZER_NUMBER_OBJECT_CONVERSION = YES_AGGRESSIVE;
				CLANG_CXX_LANGUAGE_STANDARD = "gnu++0x";
				CLANG_CXX_LIBRARY = "libc++";
				CLANG_ENABLE_MODULES = YES;
				CLANG_ENABLE_OBJC_ARC = YES;
				CLANG_WARN_BLOCK_CAPTURE_AUTORELEASING = YES;
				CLANG_WARN_BOOL_CONVERSION = YES;
				CLANG_WARN_COMMA = YES;
				CLANG_WARN_CONSTANT_CONVERSION = YES;
				CLANG_WARN_DEPRECATED_OBJC_IMPLEMENTATIONS = YES;
				CLANG_WARN_DIRECT_OBJC_ISA_USAGE = YES_ERROR;
				CLANG_WARN_DOCUMENTATION_COMMENTS = YES;
				CLANG_WARN_EMPTY_BODY = YES;
				CLANG_WARN_ENUM_CONVERSION = YES;
				CLANG_WARN_INFINITE_RECURSION = YES;
				CLANG_WARN_INT_CONVERSION = YES;
				CLANG_WARN_NON_LITERAL_NULL_CONVERSION = YES;
				CLANG_WARN_OBJC_IMPLICIT_RETAIN_SELF = YES;
				CLANG_WARN_OBJC_LITERAL_CONVERSION = YES;
				CLANG_WARN_OBJC_ROOT_CLASS = YES_ERROR;
				CLANG_WARN_RANGE_LOOP_ANALYSIS = YES;
				CLANG_WARN_STRICT_PROTOTYPES = YES;
				CLANG_WARN_SUSPICIOUS_MOVE = YES;
				CLANG_WARN_UNREACHABLE_CODE = YES;
				CLANG_WARN__DUPLICATE_METHOD_MATCH = YES;
				"CODE_SIGN_IDENTITY[sdk=iphoneos*]" = "iPhone Developer";
				COPY_PHASE_STRIP = NO;
				DEBUG_INFORMATION_FORMAT = dwarf;
				ENABLE_STRICT_OBJC_MSGSEND = YES;
				ENABLE_TESTABILITY = YES;
				GCC_C_LANGUAGE_STANDARD = gnu99;
				GCC_DYNAMIC_NO_PIC = NO;
				GCC_NO_COMMON_BLOCKS = YES;
				GCC_OPTIMIZATION_LEVEL = 0;
				GCC_PREPROCESSOR_DEFINITIONS = (
					"DEBUG=1",
					"$(inherited)",
				);
				GCC_WARN_64_TO_32_BIT_CONVERSION = YES;
				GCC_WARN_ABOUT_RETURN_TYPE = YES_ERROR;
				GCC_WARN_UNDECLARED_SELECTOR = YES;
				GCC_WARN_UNINITIALIZED_AUTOS = YES_AGGRESSIVE;
				GCC_WARN_UNUSED_FUNCTION = YES;
				GCC_WARN_UNUSED_VARIABLE = YES;
				IPHONEOS_DEPLOYMENT_TARGET = 10.3;
				MTL_ENABLE_DEBUG_INFO = YES;
				ONLY_ACTIVE_ARCH = YES;
				SDKROOT = iphoneos;
				SWIFT_ACTIVE_COMPILATION_CONDITIONS = DEBUG;
				SWIFT_OPTIMIZATION_LEVEL = "-Onone";
				TARGETED_DEVICE_FAMILY = "1,2";
			};
			name = Debug;
		};
		14F88BA31F35C0B50009EC63 /* Release */ = {
			isa = XCBuildConfiguration;
			buildSettings = {
				ALWAYS_SEARCH_USER_PATHS = NO;
				CLANG_ANALYZER_NONNULL = YES;
				CLANG_ANALYZER_NUMBER_OBJECT_CONVERSION = YES_AGGRESSIVE;
				CLANG_CXX_LANGUAGE_STANDARD = "gnu++0x";
				CLANG_CXX_LIBRARY = "libc++";
				CLANG_ENABLE_MODULES = YES;
				CLANG_ENABLE_OBJC_ARC = YES;
				CLANG_WARN_BLOCK_CAPTURE_AUTORELEASING = YES;
				CLANG_WARN_BOOL_CONVERSION = YES;
				CLANG_WARN_COMMA = YES;
				CLANG_WARN_CONSTANT_CONVERSION = YES;
				CLANG_WARN_DEPRECATED_OBJC_IMPLEMENTATIONS = YES;
				CLANG_WARN_DIRECT_OBJC_ISA_USAGE = YES_ERROR;
				CLANG_WARN_DOCUMENTATION_COMMENTS = YES;
				CLANG_WARN_EMPTY_BODY = YES;
				CLANG_WARN_ENUM_CONVERSION = YES;
				CLANG_WARN_INFINITE_RECURSION = YES;
				CLANG_WARN_INT_CONVERSION = YES;
				CLANG_WARN_NON_LITERAL_NULL_CONVERSION = YES;
				CLANG_WARN_OBJC_IMPLICIT_RETAIN_SELF = YES;
				CLANG_WARN_OBJC_LITERAL_CONVERSION = YES;
				CLANG_WARN_OBJC_ROOT_CLASS = YES_ERROR;
				CLANG_WARN_RANGE_LOOP_ANALYSIS = YES;
				CLANG_WARN_STRICT_PROTOTYPES = YES;
				CLANG_WARN_SUSPICIOUS_MOVE = YES;
				CLANG_WARN_UNREACHABLE_CODE = YES;
				CLANG_WARN__DUPLICATE_METHOD_MATCH = YES;
				"CODE_SIGN_IDENTITY[sdk=iphoneos*]" = "iPhone Developer";
				COPY_PHASE_STRIP = NO;
				DEBUG_INFORMATION_FORMAT = "dwarf-with-dsym";
				ENABLE_NS_ASSERTIONS = NO;
				ENABLE_STRICT_OBJC_MSGSEND = YES;
				GCC_C_LANGUAGE_STANDARD = gnu99;
				GCC_NO_COMMON_BLOCKS = YES;
				GCC_WARN_64_TO_32_BIT_CONVERSION = YES;
				GCC_WARN_ABOUT_RETURN_TYPE = YES_ERROR;
				GCC_WARN_UNDECLARED_SELECTOR = YES;
				GCC_WARN_UNINITIALIZED_AUTOS = YES_AGGRESSIVE;
				GCC_WARN_UNUSED_FUNCTION = YES;
				GCC_WARN_UNUSED_VARIABLE = YES;
				IPHONEOS_DEPLOYMENT_TARGET = 10.3;
				MTL_ENABLE_DEBUG_INFO = NO;
				SDKROOT = iphoneos;
				SWIFT_OPTIMIZATION_LEVEL = "-Owholemodule";
				TARGETED_DEVICE_FAMILY = "1,2";
				VALIDATE_PRODUCT = YES;
			};
			name = Release;
		};
		14F88BA51F35C0B50009EC63 /* Debug */ = {
			isa = XCBuildConfiguration;
			buildSettings = {
				ALWAYS_EMBED_SWIFT_STANDARD_LIBRARIES = YES;
				ASSETCATALOG_COMPILER_APPICON_NAME = AppIcon;
				DEBUG_INFORMATION_FORMAT = "dwarf-with-dsym";
				DEVELOPMENT_TEAM = 72S993BNAV;
				FRAMEWORK_SEARCH_PATHS = (
					"$(inherited)",
					"$(PROJECT_DIR)/Metra\\ (iOS)",
				);
				INFOPLIST_FILE = "$(SRCROOT)/Metra (iOS)/Info.plist";
				IPHONEOS_DEPLOYMENT_TARGET = 10.0;
				LD_RUNPATH_SEARCH_PATHS = "$(inherited) @executable_path/Frameworks";
				PRODUCT_BUNDLE_IDENTIFIER = com.andrewfinke.Metra;
				PRODUCT_NAME = Metra;
				SWIFT_SWIFT3_OBJC_INFERENCE = Default;
				SWIFT_VERSION = 4.2;
			};
			name = Debug;
		};
		14F88BA61F35C0B50009EC63 /* Release */ = {
			isa = XCBuildConfiguration;
			buildSettings = {
				ALWAYS_EMBED_SWIFT_STANDARD_LIBRARIES = YES;
				ASSETCATALOG_COMPILER_APPICON_NAME = AppIcon;
				DEVELOPMENT_TEAM = 72S993BNAV;
				FRAMEWORK_SEARCH_PATHS = (
					"$(inherited)",
					"$(PROJECT_DIR)/Metra\\ (iOS)",
				);
				INFOPLIST_FILE = "$(SRCROOT)/Metra (iOS)/Info.plist";
				IPHONEOS_DEPLOYMENT_TARGET = 10.0;
				LD_RUNPATH_SEARCH_PATHS = "$(inherited) @executable_path/Frameworks";
				PRODUCT_BUNDLE_IDENTIFIER = com.andrewfinke.Metra;
				PRODUCT_NAME = Metra;
				SWIFT_SWIFT3_OBJC_INFERENCE = Default;
				SWIFT_VERSION = 4.2;
			};
			name = Release;
		};
		14F88BB31F35C0C20009EC63 /* Debug */ = {
			isa = XCBuildConfiguration;
			buildSettings = {
				ALWAYS_EMBED_SWIFT_STANDARD_LIBRARIES = YES;
				DEVELOPMENT_TEAM = 72S993BNAV;
				INFOPLIST_FILE = MetraScreenshots/Info.plist;
				LD_RUNPATH_SEARCH_PATHS = "$(inherited) @executable_path/Frameworks @loader_path/Frameworks";
				OTHER_SWIFT_FLAGS = "-DTARGET_SCREENSHOTS";
				PRODUCT_BUNDLE_IDENTIFIER = com.andrewfinke.MetraScreenshots;
				PRODUCT_NAME = "$(TARGET_NAME)";
				PROVISIONING_PROFILE = "";
				SWIFT_SWIFT3_OBJC_INFERENCE = Default;
				SWIFT_VERSION = 4.0;
				TEST_TARGET_NAME = "Metra (iOS)";
			};
			name = Debug;
		};
		14F88BB41F35C0C20009EC63 /* Release */ = {
			isa = XCBuildConfiguration;
			buildSettings = {
				ALWAYS_EMBED_SWIFT_STANDARD_LIBRARIES = YES;
				DEVELOPMENT_TEAM = 72S993BNAV;
				INFOPLIST_FILE = MetraScreenshots/Info.plist;
				LD_RUNPATH_SEARCH_PATHS = "$(inherited) @executable_path/Frameworks @loader_path/Frameworks";
				OTHER_SWIFT_FLAGS = "-DTARGET_SCREENSHOTS";
				PRODUCT_BUNDLE_IDENTIFIER = com.andrewfinke.MetraScreenshots;
				PRODUCT_NAME = "$(TARGET_NAME)";
				PROVISIONING_PROFILE = "";
				SWIFT_SWIFT3_OBJC_INFERENCE = Default;
				SWIFT_VERSION = 4.0;
				TEST_TARGET_NAME = "Metra (iOS)";
			};
			name = Release;
		};
		14F88BDC1F35C1120009EC63 /* Debug */ = {
			isa = XCBuildConfiguration;
			buildSettings = {
				ALWAYS_EMBED_SWIFT_STANDARD_LIBRARIES = YES;
				ASSETCATALOG_COMPILER_APPICON_NAME = "App Icon & Top Shelf Image";
				ASSETCATALOG_COMPILER_LAUNCHIMAGE_NAME = LaunchImage;
				DEBUG_INFORMATION_FORMAT = "dwarf-with-dsym";
				DEVELOPMENT_TEAM = 72S993BNAV;
				FRAMEWORK_SEARCH_PATHS = (
					"$(inherited)",
					"$(PROJECT_DIR)/Metra\\ (tvOS)",
				);
				INFOPLIST_FILE = "$(SRCROOT)/Metra (tvOS)/Info.plist";
				LD_RUNPATH_SEARCH_PATHS = "$(inherited) @executable_path/Frameworks";
				PRODUCT_BUNDLE_IDENTIFIER = com.andrewfinke.Metra;
				PRODUCT_NAME = Metra;
				SDKROOT = appletvos;
				SWIFT_SWIFT3_OBJC_INFERENCE = Default;
				SWIFT_VERSION = 4.2;
				TARGETED_DEVICE_FAMILY = 3;
				TVOS_DEPLOYMENT_TARGET = 10.0;
			};
			name = Debug;
		};
		14F88BDD1F35C1120009EC63 /* Release */ = {
			isa = XCBuildConfiguration;
			buildSettings = {
				ALWAYS_EMBED_SWIFT_STANDARD_LIBRARIES = YES;
				ASSETCATALOG_COMPILER_APPICON_NAME = "App Icon & Top Shelf Image";
				ASSETCATALOG_COMPILER_LAUNCHIMAGE_NAME = LaunchImage;
				DEVELOPMENT_TEAM = 72S993BNAV;
				FRAMEWORK_SEARCH_PATHS = (
					"$(inherited)",
					"$(PROJECT_DIR)/Metra\\ (tvOS)",
				);
				INFOPLIST_FILE = "$(SRCROOT)/Metra (tvOS)/Info.plist";
				LD_RUNPATH_SEARCH_PATHS = "$(inherited) @executable_path/Frameworks";
				PRODUCT_BUNDLE_IDENTIFIER = com.andrewfinke.Metra;
				PRODUCT_NAME = Metra;
				SDKROOT = appletvos;
				SWIFT_SWIFT3_OBJC_INFERENCE = Default;
				SWIFT_VERSION = 4.2;
				TARGETED_DEVICE_FAMILY = 3;
				TVOS_DEPLOYMENT_TARGET = 10.0;
			};
			name = Release;
		};
/* End XCBuildConfiguration section */

/* Begin XCConfigurationList section */
		14F88B8D1F35C0B40009EC63 /* Build configuration list for PBXProject "Metra" */ = {
			isa = XCConfigurationList;
			buildConfigurations = (
				14F88BA21F35C0B50009EC63 /* Debug */,
				14F88BA31F35C0B50009EC63 /* Release */,
			);
			defaultConfigurationIsVisible = 0;
			defaultConfigurationName = Release;
		};
		14F88BA41F35C0B50009EC63 /* Build configuration list for PBXNativeTarget "Metra (iOS)" */ = {
			isa = XCConfigurationList;
			buildConfigurations = (
				14F88BA51F35C0B50009EC63 /* Debug */,
				14F88BA61F35C0B50009EC63 /* Release */,
			);
			defaultConfigurationIsVisible = 0;
			defaultConfigurationName = Release;
		};
		14F88BB21F35C0C20009EC63 /* Build configuration list for PBXNativeTarget "MetraScreenshots" */ = {
			isa = XCConfigurationList;
			buildConfigurations = (
				14F88BB31F35C0C20009EC63 /* Debug */,
				14F88BB41F35C0C20009EC63 /* Release */,
			);
			defaultConfigurationIsVisible = 0;
			defaultConfigurationName = Release;
		};
		14F88BDB1F35C1120009EC63 /* Build configuration list for PBXNativeTarget "Metra (tvOS)" */ = {
			isa = XCConfigurationList;
			buildConfigurations = (
				14F88BDC1F35C1120009EC63 /* Debug */,
				14F88BDD1F35C1120009EC63 /* Release */,
			);
			defaultConfigurationIsVisible = 0;
			defaultConfigurationName = Release;
		};
/* End XCConfigurationList section */
	};
	rootObject = 14F88B8A1F35C0B40009EC63 /* Project object */;
}
